// !$*UTF8*$!
{
	archiveVersion = 1;
	classes = {
	};
	objectVersion = 77;
	objects = {

/* Begin PBXBuildFile section */
		040C493D9CBDDCD5138AAF9A /* SoarXLiveActivityBundle.swift in Sources */ = {isa = PBXBuildFile; fileRef = 75820C513D4CDFBC7E48C746 /* SoarXLiveActivityBundle.swift */; };
		19ACDAC342956718EB1A28C8 /* ScreenshotTests.swift in Sources */ = {isa = PBXBuildFile; fileRef = C4AFF1A10FB982DE2DDD31AF /* ScreenshotTests.swift */; };
		250A317E2EDDFB18004F63C8 /* StatsCache.swift in Sources */ = {isa = PBXBuildFile; fileRef = 250A317D2EDDFB18004F63C8 /* StatsCache.swift */; };
		25145BD62EDE096C0095D7A9 /* Localizable.xcstrings in Resources */ = {isa = PBXBuildFile; fileRef = 38054EE6ECB34782BD8BBD6F /* Localizable.xcstrings */; };
		25145C2C2EDE61D80095D7A9 /* WidgetKit.framework in Frameworks */ = {isa = PBXBuildFile; fileRef = 25145C2B2EDE61D80095D7A9 /* WidgetKit.framework */; };
		25145C2E2EDE61D80095D7A9 /* SwiftUI.framework in Frameworks */ = {isa = PBXBuildFile; fileRef = 25145C2D2EDE61D80095D7A9 /* SwiftUI.framework */; };
		25145C3B2EDE61D90095D7A9 /* ParaFlightLogWidgetExtensionExtension.appex in Embed Foundation Extensions */ = {isa = PBXBuildFile; fileRef = 25145C292EDE61D80095D7A9 /* ParaFlightLogWidgetExtensionExtension.appex */; settings = {ATTRIBUTES = (RemoveHeadersOnCopy, ); }; };
		25145C442EDF01FE0095D7A9 /* SharedModels.swift in Sources */ = {isa = PBXBuildFile; fileRef = 25C9798F2EDBB5DA009233B8 /* SharedModels.swift */; };
		2564C6572EDBB92000C716D0 /* LocationService.swift in Sources */ = {isa = PBXBuildFile; fileRef = 2564C6532EDBB92000C716D0 /* LocationService.swift */; };
		2564C6582EDBB92000C716D0 /* DataController.swift in Sources */ = {isa = PBXBuildFile; fileRef = 2564C6522EDBB92000C716D0 /* DataController.swift */; };
		2564C6592EDBB92000C716D0 /* IOSViews.swift in Sources */ = {isa = PBXBuildFile; fileRef = 2564C6542EDBB92000C716D0 /* IOSViews.swift */; };
		2564C65A2EDBB92000C716D0 /* WatchConnectivityManager.swift in Sources */ = {isa = PBXBuildFile; fileRef = 2564C6562EDBB92000C716D0 /* WatchConnectivityManager.swift */; };
		257C68F32ECB7651005F3773 /* ParaFlightLogWatch Watch App.app in Embed Watch Content */ = {isa = PBXBuildFile; fileRef = 257C68E92ECB7650005F3773 /* ParaFlightLogWatch Watch App.app */; settings = {ATTRIBUTES = (RemoveHeadersOnCopy, ); }; };
		25C979902EDBB5DA009233B8 /* SharedModels.swift in Sources */ = {isa = PBXBuildFile; fileRef = 25C9798F2EDBB5DA009233B8 /* SharedModels.swift */; };
		25C979922EDBB5DA009233B8 /* SharedModels.swift in Sources */ = {isa = PBXBuildFile; fileRef = 25C9798F2EDBB5DA009233B8 /* SharedModels.swift */; };
		25C979932EDBB5DA009233B8 /* Models.swift in Sources */ = {isa = PBXBuildFile; fileRef = 25C9798E2EDBB5DA009233B8 /* Models.swift */; };
		33AF333D939350A11A64DFF8 /* FlightAutoDetectorTests.swift in Sources */ = {isa = PBXBuildFile; fileRef = 63CD68A57ABDC171A32B0C6A /* FlightAutoDetectorTests.swift */; };
		3F0BACBCCB664DE2AE6D5792 /* Localizable.xcstrings in Resources */ = {isa = PBXBuildFile; fileRef = 38054EE6ECB34782BD8BBD6F /* Localizable.xcstrings */; };
		5168252E33BA8ABB76A7D33A /* VarioEngineTests.swift in Sources */ = {isa = PBXBuildFile; fileRef = 21464456E8865E0A82BF5E42 /* VarioEngineTests.swift */; };
		5E51CFD4EB5F125C9E3336DB /* SoarXLiveActivity.appex in Embed Foundation Extensions */ = {isa = PBXBuildFile; fileRef = 087571418A2F84E1846A5100 /* SoarXLiveActivity.appex */; settings = {ATTRIBUTES = (RemoveHeadersOnCopy, ); }; };
		90E46D5742877EA77E270BC1 /* IGCExporterTests.swift in Sources */ = {isa = PBXBuildFile; fileRef = 566D059602D79E1F38DEE17B /* IGCExporterTests.swift */; };
		925BC9F64D1E024BC296E473 /* FlightActivityAttributes.swift in Sources */ = {isa = PBXBuildFile; fileRef = A97FCA40F7BB830C39FB45AC /* FlightActivityAttributes.swift */; };
		AA0000012EEBB00000000001 /* FlightsViews.swift in Sources */ = {isa = PBXBuildFile; fileRef = AA0000002EEBB00000000001 /* FlightsViews.swift */; };
		AA0000032EEBB00000000002 /* WingsViews.swift in Sources */ = {isa = PBXBuildFile; fileRef = AA0000022EEBB00000000002 /* WingsViews.swift */; };
		AA0000052EEBB00000000003 /* StatsViews.swift in Sources */ = {isa = PBXBuildFile; fileRef = AA0000042EEBB00000000003 /* StatsViews.swift */; };
		AA0000072EEBB00000000004 /* TimerViews.swift in Sources */ = {isa = PBXBuildFile; fileRef = AA0000062EEBB00000000004 /* TimerViews.swift */; };
		AA0000092EEBB00000000005 /* SettingsViews.swift in Sources */ = {isa = PBXBuildFile; fileRef = AA0000082EEBB00000000005 /* SettingsViews.swift */; };
		AA0000152EEBB0000000000B /* BadgesView.swift in Sources */ = {isa = PBXBuildFile; fileRef = AA0000142EEBB0000000000B /* BadgesView.swift */; };
		AA0000192EEBB0000000000D /* WeatherViews.swift in Sources */ = {isa = PBXBuildFile; fileRef = AA0000182EEBB0000000000D /* WeatherViews.swift */; };
		AA00001B2EEBB0000000000E /* EmergencyViews.swift in Sources */ = {isa = PBXBuildFile; fileRef = AA00001A2EEBB0000000000E /* EmergencyViews.swift */; };
		AA0000212EEBB00000000011 /* ShareViews.swift in Sources */ = {isa = PBXBuildFile; fileRef = AA0000202EEBB00000000011 /* ShareViews.swift */; };
		AA0000282EEBB00000000015 /* ColoredGPSTraceMapView.swift in Sources */ = {isa = PBXBuildFile; fileRef = AA0000272EEBB00000000015 /* ColoredGPSTraceMapView.swift */; };
		BAD5D9CB79FB03E35A167645 /* Foundation.framework in Frameworks */ = {isa = PBXBuildFile; fileRef = 3D6E3BD81946B048929752FA /* Foundation.framework */; };
		C841AFFD7BE2509F251B21C5 /* Foundation.framework in Frameworks */ = {isa = PBXBuildFile; fileRef = 3D6E3BD81946B048929752FA /* Foundation.framework */; };
		D3ED5ECA2C6D30403CAF922D /* FlightAutoDetector.swift in Sources */ = {isa = PBXBuildFile; fileRef = D3525165A281EBB21043C65E /* FlightAutoDetector.swift */; };
		D3EEDC2F14D44AF39E21AEE1 /* ZipBackup.swift in Sources */ = {isa = PBXBuildFile; fileRef = 362EAB42550846EE9491A703 /* ZipBackup.swift */; };
		D5F5C48915E603A713D2A62A /* FlightActivityAttributes.swift in Sources */ = {isa = PBXBuildFile; fileRef = A97FCA40F7BB830C39FB45AC /* FlightActivityAttributes.swift */; };
		D81A46A97361E86F7974145E /* FlightLiveActivity.swift in Sources */ = {isa = PBXBuildFile; fileRef = 4A6E9181CA1EE4E3E1FA3871 /* FlightLiveActivity.swift */; };
		E07FE23106BC451BAF22AC49 /* ChartsView.swift in Sources */ = {isa = PBXBuildFile; fileRef = C310D0CB152141398E4E5E4F /* ChartsView.swift */; };
		EF44E57F5A6709F03ADF8C2D /* Foundation.framework in Frameworks */ = {isa = PBXBuildFile; fileRef = 3D6E3BD81946B048929752FA /* Foundation.framework */; };
		F14343D9399ADC201677F237 /* SnapshotHelper.swift in Sources */ = {isa = PBXBuildFile; fileRef = 536A65B8BA7237382742B91A /* SnapshotHelper.swift */; };
		VA0000012EEBB00000000001 /* VarioEngine.swift in Sources */ = {isa = PBXBuildFile; fileRef = VA0000002EEBB00000000000 /* VarioEngine.swift */; };
		VA0000022EEBB00000000002 /* VarioEngine.swift in Sources */ = {isa = PBXBuildFile; fileRef = VA0000002EEBB00000000000 /* VarioEngine.swift */; };
/* End PBXBuildFile section */

/* Begin PBXContainerItemProxy section */
		25145C392EDE61D90095D7A9 /* PBXContainerItemProxy */ = {
			isa = PBXContainerItemProxy;
			containerPortal = 257C68CD2ECB7559005F3773 /* Project object */;
			proxyType = 1;
			remoteGlobalIDString = 25145C282EDE61D80095D7A9;
			remoteInfo = ParaFlightLogWidgetExtensionExtension;
		};
		257C68F12ECB7651005F3773 /* PBXContainerItemProxy */ = {
			isa = PBXContainerItemProxy;
			containerPortal = 257C68CD2ECB7559005F3773 /* Project object */;
			proxyType = 1;
			remoteGlobalIDString = 257C68E82ECB7650005F3773;
			remoteInfo = "ParaFlightLogWatch Watch App";
		};
		9583B56852085D488F05ED12 /* PBXContainerItemProxy */ = {
			isa = PBXContainerItemProxy;
			containerPortal = 257C68CD2ECB7559005F3773 /* Project object */;
			proxyType = 1;
			remoteGlobalIDString = 6A1A75134C667D2B821B4C1D;
			remoteInfo = SoarXLiveActivity;
		};
		E755DE8AD25D61921709826C /* PBXContainerItemProxy */ = {
			isa = PBXContainerItemProxy;
			containerPortal = 257C68CD2ECB7559005F3773 /* Project object */;
			proxyType = 1;
			remoteGlobalIDString = 257C68D42ECB7559005F3773;
			remoteInfo = ParaFlightLog;
		};
		ECD1EE87E25B1A58A2FB38EA /* PBXContainerItemProxy */ = {
			isa = PBXContainerItemProxy;
			containerPortal = 257C68CD2ECB7559005F3773 /* Project object */;
			proxyType = 1;
			remoteGlobalIDString = 257C68D42ECB7559005F3773;
			remoteInfo = ParaFlightLog;
		};
/* End PBXContainerItemProxy section */

/* Begin PBXCopyFilesBuildPhase section */
		11CF4C41972562F9F4F4C394 /* Embed Foundation Extensions */ = {
			isa = PBXCopyFilesBuildPhase;
			buildActionMask = 2147483647;
			dstPath = "";
			dstSubfolderSpec = 13;
			files = (
				5E51CFD4EB5F125C9E3336DB /* SoarXLiveActivity.appex in Embed Foundation Extensions */,
			);
			name = "Embed Foundation Extensions";
			runOnlyForDeploymentPostprocessing = 0;
		};
		25145C402EDE61D90095D7A9 /* Embed Foundation Extensions */ = {
			isa = PBXCopyFilesBuildPhase;
			buildActionMask = 2147483647;
			dstPath = "";
			dstSubfolderSpec = 13;
			files = (
				25145C3B2EDE61D90095D7A9 /* ParaFlightLogWidgetExtensionExtension.appex in Embed Foundation Extensions */,
			);
			name = "Embed Foundation Extensions";
			runOnlyForDeploymentPostprocessing = 0;
		};
		257C68F72ECB7651005F3773 /* Embed Watch Content */ = {
			isa = PBXCopyFilesBuildPhase;
			buildActionMask = 2147483647;
			dstPath = "$(CONTENTS_FOLDER_PATH)/Watch";
			dstSubfolderSpec = 16;
			files = (
				257C68F32ECB7651005F3773 /* ParaFlightLogWatch Watch App.app in Embed Watch Content */,
			);
			name = "Embed Watch Content";
			runOnlyForDeploymentPostprocessing = 0;
		};
/* End PBXCopyFilesBuildPhase section */

/* Begin PBXFileReference section */
		087571418A2F84E1846A5100 /* SoarXLiveActivity.appex */ = {isa = PBXFileReference; explicitFileType = "wrapper.app-extension"; includeInIndex = 0; path = SoarXLiveActivity.appex; sourceTree = BUILT_PRODUCTS_DIR; };
		0E921B100E3A40230D211CD4 /* ParaFlightLogTests.xctest */ = {isa = PBXFileReference; explicitFileType = wrapper.cfbundle; includeInIndex = 0; path = ParaFlightLogTests.xctest; sourceTree = BUILT_PRODUCTS_DIR; };
		21464456E8865E0A82BF5E42 /* VarioEngineTests.swift */ = {isa = PBXFileReference; includeInIndex = 1; lastKnownFileType = sourcecode.swift; path = VarioEngineTests.swift; sourceTree = "<group>"; };
		250A317D2EDDFB18004F63C8 /* StatsCache.swift */ = {isa = PBXFileReference; lastKnownFileType = sourcecode.swift; path = StatsCache.swift; sourceTree = "<group>"; };
		25145B8B2EDE042F0095D7A9 /* ExcelImporter.swift */ = {isa = PBXFileReference; lastKnownFileType = sourcecode.swift; path = ParaFlightLog/ExcelImporter.swift; sourceTree = "<group>"; };
		25145C292EDE61D80095D7A9 /* ParaFlightLogWidgetExtensionExtension.appex */ = {isa = PBXFileReference; explicitFileType = "wrapper.app-extension"; includeInIndex = 0; path = ParaFlightLogWidgetExtensionExtension.appex; sourceTree = BUILT_PRODUCTS_DIR; };
		25145C2B2EDE61D80095D7A9 /* WidgetKit.framework */ = {isa = PBXFileReference; lastKnownFileType = wrapper.framework; name = WidgetKit.framework; path = System/Library/Frameworks/WidgetKit.framework; sourceTree = SDKROOT; };
		25145C2D2EDE61D80095D7A9 /* SwiftUI.framework */ = {isa = PBXFileReference; lastKnownFileType = wrapper.framework; name = SwiftUI.framework; path = System/Library/Frameworks/SwiftUI.framework; sourceTree = SDKROOT; };
		2564C6522EDBB92000C716D0 /* DataController.swift */ = {isa = PBXFileReference; lastKnownFileType = sourcecode.swift; path = DataController.swift; sourceTree = "<group>"; };
		2564C6532EDBB92000C716D0 /* LocationService.swift */ = {isa = PBXFileReference; lastKnownFileType = sourcecode.swift; path = LocationService.swift; sourceTree = "<group>"; };
		2564C6542EDBB92000C716D0 /* IOSViews.swift */ = {isa = PBXFileReference; lastKnownFileType = sourcecode.swift; path = IOSViews.swift; sourceTree = "<group>"; };
		2564C6562EDBB92000C716D0 /* WatchConnectivityManager.swift */ = {isa = PBXFileReference; lastKnownFileType = sourcecode.swift; path = WatchConnectivityManager.swift; sourceTree = "<group>"; };
		257C68D52ECB7559005F3773 /* ParaFlightLog.app */ = {isa = PBXFileReference; explicitFileType = wrapper.application; includeInIndex = 0; path = ParaFlightLog.app; sourceTree = BUILT_PRODUCTS_DIR; };
		257C68E92ECB7650005F3773 /* ParaFlightLogWatch Watch App.app */ = {isa = PBXFileReference; explicitFileType = wrapper.application; includeInIndex = 0; path = "ParaFlightLogWatch Watch App.app"; sourceTree = BUILT_PRODUCTS_DIR; };
		25C9798E2EDBB5DA009233B8 /* Models.swift */ = {isa = PBXFileReference; lastKnownFileType = sourcecode.swift; path = Models.swift; sourceTree = "<group>"; };
		25C9798F2EDBB5DA009233B8 /* SharedModels.swift */ = {isa = PBXFileReference; lastKnownFileType = sourcecode.swift; path = SharedModels.swift; sourceTree = "<group>"; };
		362EAB42550846EE9491A703 /* ZipBackup.swift */ = {isa = PBXFileReference; lastKnownFileType = sourcecode.swift; path = ZipBackup.swift; sourceTree = "<group>"; };
		38054EE6ECB34782BD8BBD6F /* Localizable.xcstrings */ = {isa = PBXFileReference; lastKnownFileType = text.json.xcstrings; path = Localizable.xcstrings; sourceTree = "<group>"; };
		3D6E3BD81946B048929752FA /* Foundation.framework */ = {isa = PBXFileReference; lastKnownFileType = wrapper.framework; name = Foundation.framework; path = Platforms/iPhoneOS.platform/Developer/SDKs/iPhoneOS18.0.sdk/System/Library/Frameworks/Foundation.framework; sourceTree = DEVELOPER_DIR; };
		4A6E9181CA1EE4E3E1FA3871 /* FlightLiveActivity.swift */ = {isa = PBXFileReference; includeInIndex = 1; lastKnownFileType = sourcecode.swift; path = FlightLiveActivity.swift; sourceTree = "<group>"; };
		536A65B8BA7237382742B91A /* SnapshotHelper.swift */ = {isa = PBXFileReference; includeInIndex = 1; lastKnownFileType = sourcecode.swift; path = SnapshotHelper.swift; sourceTree = "<group>"; };
		566D059602D79E1F38DEE17B /* IGCExporterTests.swift */ = {isa = PBXFileReference; includeInIndex = 1; lastKnownFileType = sourcecode.swift; path = IGCExporterTests.swift; sourceTree = "<group>"; };
		63CD68A57ABDC171A32B0C6A /* FlightAutoDetectorTests.swift */ = {isa = PBXFileReference; includeInIndex = 1; lastKnownFileType = sourcecode.swift; path = FlightAutoDetectorTests.swift; sourceTree = "<group>"; };
		75820C513D4CDFBC7E48C746 /* SoarXLiveActivityBundle.swift */ = {isa = PBXFileReference; includeInIndex = 1; lastKnownFileType = sourcecode.swift; path = SoarXLiveActivityBundle.swift; sourceTree = "<group>"; };
		857CA46F2ABC9BF56D8FDA8A /* ParaFlightLogUITests.xctest */ = {isa = PBXFileReference; explicitFileType = wrapper.cfbundle; includeInIndex = 0; path = ParaFlightLogUITests.xctest; sourceTree = BUILT_PRODUCTS_DIR; };
		A97FCA40F7BB830C39FB45AC /* FlightActivityAttributes.swift */ = {isa = PBXFileReference; includeInIndex = 1; lastKnownFileType = sourcecode.swift; path = FlightActivityAttributes.swift; sourceTree = "<group>"; };
		AA0000002EEBB00000000001 /* FlightsViews.swift */ = {isa = PBXFileReference; lastKnownFileType = sourcecode.swift; path = FlightsViews.swift; sourceTree = "<group>"; };
		AA0000022EEBB00000000002 /* WingsViews.swift */ = {isa = PBXFileReference; lastKnownFileType = sourcecode.swift; path = WingsViews.swift; sourceTree = "<group>"; };
		AA0000042EEBB00000000003 /* StatsViews.swift */ = {isa = PBXFileReference; lastKnownFileType = sourcecode.swift; path = StatsViews.swift; sourceTree = "<group>"; };
		AA0000062EEBB00000000004 /* TimerViews.swift */ = {isa = PBXFileReference; lastKnownFileType = sourcecode.swift; path = TimerViews.swift; sourceTree = "<group>"; };
		AA0000082EEBB00000000005 /* SettingsViews.swift */ = {isa = PBXFileReference; lastKnownFileType = sourcecode.swift; path = SettingsViews.swift; sourceTree = "<group>"; };
		AA0000142EEBB0000000000B /* BadgesView.swift */ = {isa = PBXFileReference; lastKnownFileType = sourcecode.swift; path = BadgesView.swift; sourceTree = "<group>"; };
		AA0000182EEBB0000000000D /* WeatherViews.swift */ = {isa = PBXFileReference; lastKnownFileType = sourcecode.swift; path = WeatherViews.swift; sourceTree = "<group>"; };
		AA00001A2EEBB0000000000E /* EmergencyViews.swift */ = {isa = PBXFileReference; lastKnownFileType = sourcecode.swift; path = EmergencyViews.swift; sourceTree = "<group>"; };
		AA0000202EEBB00000000011 /* ShareViews.swift */ = {isa = PBXFileReference; lastKnownFileType = sourcecode.swift; path = ShareViews.swift; sourceTree = "<group>"; };
		AA0000272EEBB00000000015 /* ColoredGPSTraceMapView.swift */ = {isa = PBXFileReference; lastKnownFileType = sourcecode.swift; path = ColoredGPSTraceMapView.swift; sourceTree = "<group>"; };
		C310D0CB152141398E4E5E4F /* ChartsView.swift */ = {isa = PBXFileReference; fileEncoding = 4; lastKnownFileType = sourcecode.swift; path = ChartsView.swift; sourceTree = "<group>"; };
		C4AFF1A10FB982DE2DDD31AF /* ScreenshotTests.swift */ = {isa = PBXFileReference; includeInIndex = 1; lastKnownFileType = sourcecode.swift; path = ScreenshotTests.swift; sourceTree = "<group>"; };
		D3525165A281EBB21043C65E /* FlightAutoDetector.swift */ = {isa = PBXFileReference; includeInIndex = 1; lastKnownFileType = sourcecode.swift; name = FlightAutoDetector.swift; path = "../ParaFlightLogWatch Watch App/FlightAutoDetector.swift"; sourceTree = "<group>"; };
		VA0000002EEBB00000000000 /* VarioEngine.swift */ = {isa = PBXFileReference; lastKnownFileType = sourcecode.swift; path = VarioEngine.swift; sourceTree = "<group>"; };
/* End PBXFileReference section */

/* Begin PBXFileSystemSynchronizedBuildFileExceptionSet section */
		25145C3C2EDE61D90095D7A9 /* Exceptions for "ParaFlightLogWidgetExtension" folder in "ParaFlightLogWidgetExtensionExtension" target */ = {
			isa = PBXFileSystemSynchronizedBuildFileExceptionSet;
			membershipExceptions = (
				Info.plist,
			);
			target = 25145C282EDE61D80095D7A9 /* ParaFlightLogWidgetExtensionExtension */;
		};
		257C68D7INFOPLIST00000001 /* Exceptions for "ParaFlightLog" folder in "ParaFlightLog" target */ = {
			isa = PBXFileSystemSynchronizedBuildFileExceptionSet;
			membershipExceptions = (
				Info.plist,
			);
			target = 257C68D42ECB7559005F3773 /* ParaFlightLog */;
		};
/* End PBXFileSystemSynchronizedBuildFileExceptionSet section */

/* Begin PBXFileSystemSynchronizedRootGroup section */
		25145C2F2EDE61D80095D7A9 /* ParaFlightLogWidgetExtension */ = {
			isa = PBXFileSystemSynchronizedRootGroup;
			exceptions = (
				25145C3C2EDE61D90095D7A9 /* Exceptions for "ParaFlightLogWidgetExtension" folder in "ParaFlightLogWidgetExtensionExtension" target */,
			);
			path = ParaFlightLogWidgetExtension;
			sourceTree = "<group>";
		};
		257C68D72ECB7559005F3773 /* ParaFlightLog */ = {
			isa = PBXFileSystemSynchronizedRootGroup;
			exceptions = (
				257C68D7INFOPLIST00000001 /* Exceptions for "ParaFlightLog" folder in "ParaFlightLog" target */,
			);
			path = ParaFlightLog;
			sourceTree = "<group>";
		};
		257C68EA2ECB7650005F3773 /* ParaFlightLogWatch Watch App */ = {
			isa = PBXFileSystemSynchronizedRootGroup;
			exceptions = (
			);
			path = "ParaFlightLogWatch Watch App";
			sourceTree = "<group>";
		};
/* End PBXFileSystemSynchronizedRootGroup section */

/* Begin PBXFrameworksBuildPhase section */
		25145C262EDE61D80095D7A9 /* Frameworks */ = {
			isa = PBXFrameworksBuildPhase;
			buildActionMask = 2147483647;
			files = (
				25145C2E2EDE61D80095D7A9 /* SwiftUI.framework in Frameworks */,
				25145C2C2EDE61D80095D7A9 /* WidgetKit.framework in Frameworks */,
			);
			runOnlyForDeploymentPostprocessing = 0;
		};
		257C68D22ECB7559005F3773 /* Frameworks */ = {
			isa = PBXFrameworksBuildPhase;
			buildActionMask = 2147483647;
			files = (
			);
			runOnlyForDeploymentPostprocessing = 0;
		};
		257C68E62ECB7650005F3773 /* Frameworks */ = {
			isa = PBXFrameworksBuildPhase;
			buildActionMask = 2147483647;
			files = (
			);
			runOnlyForDeploymentPostprocessing = 0;
		};
		375FFEDC64A8E32C1503651B /* Frameworks */ = {
			isa = PBXFrameworksBuildPhase;
			buildActionMask = 2147483647;
			files = (
				BAD5D9CB79FB03E35A167645 /* Foundation.framework in Frameworks */,
			);
			runOnlyForDeploymentPostprocessing = 0;
		};
		6729A5CE5D54DBC2C6B8EA3C /* Frameworks */ = {
			isa = PBXFrameworksBuildPhase;
			buildActionMask = 2147483647;
			files = (
				EF44E57F5A6709F03ADF8C2D /* Foundation.framework in Frameworks */,
			);
			runOnlyForDeploymentPostprocessing = 0;
		};
		E80C6AF10ABC02DA866F6BBD /* Frameworks */ = {
			isa = PBXFrameworksBuildPhase;
			buildActionMask = 2147483647;
			files = (
				C841AFFD7BE2509F251B21C5 /* Foundation.framework in Frameworks */,
			);
			runOnlyForDeploymentPostprocessing = 0;
		};
/* End PBXFrameworksBuildPhase section */

/* Begin PBXGroup section */
		25145C2A2EDE61D80095D7A9 /* Frameworks */ = {
			isa = PBXGroup;
			children = (
				25145C2B2EDE61D80095D7A9 /* WidgetKit.framework */,
				25145C2D2EDE61D80095D7A9 /* SwiftUI.framework */,
				4E3AA268A81F67AD1BCEEE94 /* iOS */,
			);
			name = Frameworks;
			sourceTree = "<group>";
		};
		2564C6552EDBB92000C716D0 /* Views */ = {
			isa = PBXGroup;
			children = (
				2564C6542EDBB92000C716D0 /* IOSViews.swift */,
				C310D0CB152141398E4E5E4F /* ChartsView.swift */,
				AA0000002EEBB00000000001 /* FlightsViews.swift */,
				AA0000022EEBB00000000002 /* WingsViews.swift */,
				AA0000042EEBB00000000003 /* StatsViews.swift */,
				AA0000062EEBB00000000004 /* TimerViews.swift */,
				AA0000082EEBB00000000005 /* SettingsViews.swift */,
				AA0000142EEBB0000000000B /* BadgesView.swift */,
				AA0000182EEBB0000000000D /* WeatherViews.swift */,
				AA00001A2EEBB0000000000E /* EmergencyViews.swift */,
				AA0000202EEBB00000000011 /* ShareViews.swift */,
				AA0000272EEBB00000000015 /* ColoredGPSTraceMapView.swift */,
			);
			path = Views;
			sourceTree = "<group>";
		};
		257C68CC2ECB7559005F3773 = {
			isa = PBXGroup;
			children = (
				25145B8B2EDE042F0095D7A9 /* ExcelImporter.swift */,
				250A317D2EDDFB18004F63C8 /* StatsCache.swift */,
				25C9798E2EDBB5DA009233B8 /* Models.swift */,
				38054EE6ECB34782BD8BBD6F /* Localizable.xcstrings */,
				2564C6522EDBB92000C716D0 /* DataController.swift */,
				2564C6532EDBB92000C716D0 /* LocationService.swift */,
				2564C6552EDBB92000C716D0 /* Views */,
				2564C6562EDBB92000C716D0 /* WatchConnectivityManager.swift */,
				25C9798F2EDBB5DA009233B8 /* SharedModels.swift */,
				VA0000002EEBB00000000000 /* VarioEngine.swift */,
				362EAB42550846EE9491A703 /* ZipBackup.swift */,
				257C68D72ECB7559005F3773 /* ParaFlightLog */,
				257C68EA2ECB7650005F3773 /* ParaFlightLogWatch Watch App */,
				25145C2F2EDE61D80095D7A9 /* ParaFlightLogWidgetExtension */,
				25145C2A2EDE61D80095D7A9 /* Frameworks */,
				257C68D62ECB7559005F3773 /* Products */,
				670F2E7C0D53CBDB6867E50A /* ParaFlightLogUITests */,
				FF7AFCD772647B227C10FD29 /* ParaFlightLogTests */,
				E6E875CFAC0A4D7DABDCDB21 /* SoarXLiveActivity */,
				A97FCA40F7BB830C39FB45AC /* FlightActivityAttributes.swift */,
			);
			sourceTree = "<group>";
		};
		257C68D62ECB7559005F3773 /* Products */ = {
			isa = PBXGroup;
			children = (
				257C68D52ECB7559005F3773 /* ParaFlightLog.app */,
				257C68E92ECB7650005F3773 /* ParaFlightLogWatch Watch App.app */,
				25145C292EDE61D80095D7A9 /* ParaFlightLogWidgetExtensionExtension.appex */,
				857CA46F2ABC9BF56D8FDA8A /* ParaFlightLogUITests.xctest */,
				0E921B100E3A40230D211CD4 /* ParaFlightLogTests.xctest */,
				087571418A2F84E1846A5100 /* SoarXLiveActivity.appex */,
			);
			name = Products;
			sourceTree = "<group>";
		};
		4E3AA268A81F67AD1BCEEE94 /* iOS */ = {
			isa = PBXGroup;
			children = (
				3D6E3BD81946B048929752FA /* Foundation.framework */,
			);
			name = iOS;
			sourceTree = "<group>";
		};
		670F2E7C0D53CBDB6867E50A /* ParaFlightLogUITests */ = {
			isa = PBXGroup;
			children = (
				C4AFF1A10FB982DE2DDD31AF /* ScreenshotTests.swift */,
				536A65B8BA7237382742B91A /* SnapshotHelper.swift */,
			);
			path = ParaFlightLogUITests;
			sourceTree = "<group>";
		};
		E6E875CFAC0A4D7DABDCDB21 /* SoarXLiveActivity */ = {
			isa = PBXGroup;
			children = (
				75820C513D4CDFBC7E48C746 /* SoarXLiveActivityBundle.swift */,
				4A6E9181CA1EE4E3E1FA3871 /* FlightLiveActivity.swift */,
			);
			name = SoarXLiveActivity;
			path = SoarXLiveActivity;
			sourceTree = "<group>";
		};
		FF7AFCD772647B227C10FD29 /* ParaFlightLogTests */ = {
			isa = PBXGroup;
			children = (
				21464456E8865E0A82BF5E42 /* VarioEngineTests.swift */,
				566D059602D79E1F38DEE17B /* IGCExporterTests.swift */,
				63CD68A57ABDC171A32B0C6A /* FlightAutoDetectorTests.swift */,
				D3525165A281EBB21043C65E /* FlightAutoDetector.swift */,
			);
			name = ParaFlightLogTests;
			path = ParaFlightLogTests;
			sourceTree = "<group>";
		};
/* End PBXGroup section */

/* Begin PBXNativeTarget section */
		25145C282EDE61D80095D7A9 /* ParaFlightLogWidgetExtensionExtension */ = {
			isa = PBXNativeTarget;
			buildConfigurationList = 25145C3D2EDE61D90095D7A9 /* Build configuration list for PBXNativeTarget "ParaFlightLogWidgetExtensionExtension" */;
			buildPhases = (
				25145C252EDE61D80095D7A9 /* Sources */,
				25145C262EDE61D80095D7A9 /* Frameworks */,
				25145C272EDE61D80095D7A9 /* Resources */,
			);
			buildRules = (
			);
			dependencies = (
			);
			fileSystemSynchronizedGroups = (
				25145C2F2EDE61D80095D7A9 /* ParaFlightLogWidgetExtension */,
			);
			name = ParaFlightLogWidgetExtensionExtension;
			productName = ParaFlightLogWidgetExtensionExtension;
			productReference = 25145C292EDE61D80095D7A9 /* ParaFlightLogWidgetExtensionExtension.appex */;
			productType = "com.apple.product-type.app-extension";
		};
		257C68D42ECB7559005F3773 /* ParaFlightLog */ = {
			isa = PBXNativeTarget;
			buildConfigurationList = 257C68E22ECB755A005F3773 /* Build configuration list for PBXNativeTarget "ParaFlightLog" */;
			buildPhases = (
				257C68D12ECB7559005F3773 /* Sources */,
				257C68D22ECB7559005F3773 /* Frameworks */,
				257C68D32ECB7559005F3773 /* Resources */,
				257C68F72ECB7651005F3773 /* Embed Watch Content */,
				11CF4C41972562F9F4F4C394 /* Embed Foundation Extensions */,
			);
			buildRules = (
			);
			dependencies = (
				257C68F22ECB7651005F3773 /* PBXTargetDependency */,
				E502AD038BE1989CD0FD1D5D /* PBXTargetDependency */,
			);
			fileSystemSynchronizedGroups = (
				257C68D72ECB7559005F3773 /* ParaFlightLog */,
			);
			name = ParaFlightLog;
			productName = ParaFlightLog;
			productReference = 257C68D52ECB7559005F3773 /* ParaFlightLog.app */;
			productType = "com.apple.product-type.application";
		};
		257C68E82ECB7650005F3773 /* ParaFlightLogWatch Watch App */ = {
			isa = PBXNativeTarget;
			buildConfigurationList = 257C68F42ECB7651005F3773 /* Build configuration list for PBXNativeTarget "ParaFlightLogWatch Watch App" */;
			buildPhases = (
				257C68E52ECB7650005F3773 /* Sources */,
				257C68E62ECB7650005F3773 /* Frameworks */,
				257C68E72ECB7650005F3773 /* Resources */,
				25145C402EDE61D90095D7A9 /* Embed Foundation Extensions */,
			);
			buildRules = (
			);
			dependencies = (
				25145C3A2EDE61D90095D7A9 /* PBXTargetDependency */,
			);
			fileSystemSynchronizedGroups = (
				257C68EA2ECB7650005F3773 /* ParaFlightLogWatch Watch App */,
			);
			name = "ParaFlightLogWatch Watch App";
			productName = "ParaFlightLogWatch Watch App";
			productReference = 257C68E92ECB7650005F3773 /* ParaFlightLogWatch Watch App.app */;
			productType = "com.apple.product-type.application";
		};
		6A1A75134C667D2B821B4C1D /* SoarXLiveActivity */ = {
			isa = PBXNativeTarget;
			buildConfigurationList = B23A6463EF00048A41B96B50 /* Build configuration list for PBXNativeTarget "SoarXLiveActivity" */;
			buildPhases = (
				D4EF7B57AC30939035E27A46 /* Sources */,
				375FFEDC64A8E32C1503651B /* Frameworks */,
				450D5423899CA347C3D8C08E /* Resources */,
			);
			buildRules = (
			);
			dependencies = (
			);
			name = SoarXLiveActivity;
			productName = SoarXLiveActivity;
			productReference = 087571418A2F84E1846A5100 /* SoarXLiveActivity.appex */;
			productType = "com.apple.product-type.app-extension";
		};
		BEA3FF2E84D0AF3385FA7786 /* ParaFlightLogUITests */ = {
			isa = PBXNativeTarget;
			buildConfigurationList = C4177446359846B680A93531 /* Build configuration list for PBXNativeTarget "ParaFlightLogUITests" */;
			buildPhases = (
				55118CF58BC4F6AF4587699E /* Sources */,
				E80C6AF10ABC02DA866F6BBD /* Frameworks */,
				96339B7DDE9754DBB17321A4 /* Resources */,
			);
			buildRules = (
			);
			dependencies = (
				51B6BBD5B1ECD379739BBB40 /* PBXTargetDependency */,
			);
			name = ParaFlightLogUITests;
			productName = ParaFlightLogUITests;
			productReference = 857CA46F2ABC9BF56D8FDA8A /* ParaFlightLogUITests.xctest */;
			productType = "com.apple.product-type.bundle.ui-testing";
		};
		EA3428368D3423E0A2725FBB /* ParaFlightLogTests */ = {
			isa = PBXNativeTarget;
			buildConfigurationList = 290FBA00898A0E04C0E9D39F /* Build configuration list for PBXNativeTarget "ParaFlightLogTests" */;
			buildPhases = (
				71352FD6FE6B60054DEF6E8A /* Sources */,
				6729A5CE5D54DBC2C6B8EA3C /* Frameworks */,
				BE1633B1AD32211623261342 /* Resources */,
			);
			buildRules = (
			);
			dependencies = (
				5C4892D128885B8AF3088824 /* PBXTargetDependency */,
			);
			name = ParaFlightLogTests;
			productName = ParaFlightLogTests;
			productReference = 0E921B100E3A40230D211CD4 /* ParaFlightLogTests.xctest */;
			productType = "com.apple.product-type.bundle.unit-test";
		};
/* End PBXNativeTarget section */

/* Begin PBXProject section */
		257C68CD2ECB7559005F3773 /* Project object */ = {
			isa = PBXProject;
			attributes = {
				BuildIndependentTargetsInParallel = 1;
				LastSwiftUpdateCheck = 2610;
				LastUpgradeCheck = 2620;
				TargetAttributes = {
					25145C282EDE61D80095D7A9 = {
						CreatedOnToolsVersion = 26.1.1;
					};
					257C68D42ECB7559005F3773 = {
						CreatedOnToolsVersion = 26.1.1;
					};
					257C68E82ECB7650005F3773 = {
						CreatedOnToolsVersion = 26.1.1;
					};
				};
			};
			buildConfigurationList = 257C68D02ECB7559005F3773 /* Build configuration list for PBXProject "ParaFlightLog" */;
			developmentRegion = en;
			hasScannedForEncodings = 0;
			knownRegions = (
				en,
				fr,
				Base,
			);
			mainGroup = 257C68CC2ECB7559005F3773;
			minimizedProjectReferenceProxies = 1;
			preferredProjectObjectVersion = 77;
			productRefGroup = 257C68D62ECB7559005F3773 /* Products */;
			projectDirPath = "";
			projectRoot = "";
			targets = (
				257C68D42ECB7559005F3773 /* ParaFlightLog */,
				257C68E82ECB7650005F3773 /* ParaFlightLogWatch Watch App */,
				25145C282EDE61D80095D7A9 /* ParaFlightLogWidgetExtensionExtension */,
				BEA3FF2E84D0AF3385FA7786 /* ParaFlightLogUITests */,
				EA3428368D3423E0A2725FBB /* ParaFlightLogTests */,
				6A1A75134C667D2B821B4C1D /* SoarXLiveActivity */,
			);
		};
/* End PBXProject section */

/* Begin PBXResourcesBuildPhase section */
		25145C272EDE61D80095D7A9 /* Resources */ = {
			isa = PBXResourcesBuildPhase;
			buildActionMask = 2147483647;
			files = (
			);
			runOnlyForDeploymentPostprocessing = 0;
		};
		257C68D32ECB7559005F3773 /* Resources */ = {
			isa = PBXResourcesBuildPhase;
			buildActionMask = 2147483647;
			files = (
				25145BD62EDE096C0095D7A9 /* Localizable.xcstrings in Resources */,
			);
			runOnlyForDeploymentPostprocessing = 0;
		};
		257C68E72ECB7650005F3773 /* Resources */ = {
			isa = PBXResourcesBuildPhase;
			buildActionMask = 2147483647;
			files = (
				3F0BACBCCB664DE2AE6D5792 /* Localizable.xcstrings in Resources */,
			);
			runOnlyForDeploymentPostprocessing = 0;
		};
		450D5423899CA347C3D8C08E /* Resources */ = {
			isa = PBXResourcesBuildPhase;
			buildActionMask = 2147483647;
			files = (
			);
			runOnlyForDeploymentPostprocessing = 0;
		};
		96339B7DDE9754DBB17321A4 /* Resources */ = {
			isa = PBXResourcesBuildPhase;
			buildActionMask = 2147483647;
			files = (
			);
			runOnlyForDeploymentPostprocessing = 0;
		};
		BE1633B1AD32211623261342 /* Resources */ = {
			isa = PBXResourcesBuildPhase;
			buildActionMask = 2147483647;
			files = (
			);
			runOnlyForDeploymentPostprocessing = 0;
		};
/* End PBXResourcesBuildPhase section */

/* Begin PBXSourcesBuildPhase section */
		25145C252EDE61D80095D7A9 /* Sources */ = {
			isa = PBXSourcesBuildPhase;
			buildActionMask = 2147483647;
			files = (
				25145C442EDF01FE0095D7A9 /* SharedModels.swift in Sources */,
			);
			runOnlyForDeploymentPostprocessing = 0;
		};
		257C68D12ECB7559005F3773 /* Sources */ = {
			isa = PBXSourcesBuildPhase;
			buildActionMask = 2147483647;
			files = (
				25C979922EDBB5DA009233B8 /* SharedModels.swift in Sources */,
				VA0000012EEBB00000000001 /* VarioEngine.swift in Sources */,
				25C979932EDBB5DA009233B8 /* Models.swift in Sources */,
				2564C6572EDBB92000C716D0 /* LocationService.swift in Sources */,
				2564C6582EDBB92000C716D0 /* DataController.swift in Sources */,
				2564C6592EDBB92000C716D0 /* IOSViews.swift in Sources */,
				250A317E2EDDFB18004F63C8 /* StatsCache.swift in Sources */,
				2564C65A2EDBB92000C716D0 /* WatchConnectivityManager.swift in Sources */,
				D3EEDC2F14D44AF39E21AEE1 /* ZipBackup.swift in Sources */,
				E07FE23106BC451BAF22AC49 /* ChartsView.swift in Sources */,
				AA0000012EEBB00000000001 /* FlightsViews.swift in Sources */,
				AA0000032EEBB00000000002 /* WingsViews.swift in Sources */,
				AA0000052EEBB00000000003 /* StatsViews.swift in Sources */,
				AA0000072EEBB00000000004 /* TimerViews.swift in Sources */,
				AA0000092EEBB00000000005 /* SettingsViews.swift in Sources */,
				AA0000152EEBB0000000000B /* BadgesView.swift in Sources */,
				AA0000192EEBB0000000000D /* WeatherViews.swift in Sources */,
				AA00001B2EEBB0000000000E /* EmergencyViews.swift in Sources */,
				AA0000212EEBB00000000011 /* ShareViews.swift in Sources */,
				AA0000282EEBB00000000015 /* ColoredGPSTraceMapView.swift in Sources */,
				925BC9F64D1E024BC296E473 /* FlightActivityAttributes.swift in Sources */,
			);
			runOnlyForDeploymentPostprocessing = 0;
		};
		257C68E52ECB7650005F3773 /* Sources */ = {
			isa = PBXSourcesBuildPhase;
			buildActionMask = 2147483647;
			files = (
				25C979902EDBB5DA009233B8 /* SharedModels.swift in Sources */,
				VA0000022EEBB00000000002 /* VarioEngine.swift in Sources */,
			);
			runOnlyForDeploymentPostprocessing = 0;
		};
		55118CF58BC4F6AF4587699E /* Sources */ = {
			isa = PBXSourcesBuildPhase;
			buildActionMask = 2147483647;
			files = (
				19ACDAC342956718EB1A28C8 /* ScreenshotTests.swift in Sources */,
				F14343D9399ADC201677F237 /* SnapshotHelper.swift in Sources */,
			);
			runOnlyForDeploymentPostprocessing = 0;
		};
		71352FD6FE6B60054DEF6E8A /* Sources */ = {
			isa = PBXSourcesBuildPhase;
			buildActionMask = 2147483647;
			files = (
				5168252E33BA8ABB76A7D33A /* VarioEngineTests.swift in Sources */,
				90E46D5742877EA77E270BC1 /* IGCExporterTests.swift in Sources */,
				33AF333D939350A11A64DFF8 /* FlightAutoDetectorTests.swift in Sources */,
				D3ED5ECA2C6D30403CAF922D /* FlightAutoDetector.swift in Sources */,
			);
			runOnlyForDeploymentPostprocessing = 0;
		};
		D4EF7B57AC30939035E27A46 /* Sources */ = {
			isa = PBXSourcesBuildPhase;
			buildActionMask = 2147483647;
			files = (
				040C493D9CBDDCD5138AAF9A /* SoarXLiveActivityBundle.swift in Sources */,
				D81A46A97361E86F7974145E /* FlightLiveActivity.swift in Sources */,
				D5F5C48915E603A713D2A62A /* FlightActivityAttributes.swift in Sources */,
			);
			runOnlyForDeploymentPostprocessing = 0;
		};
/* End PBXSourcesBuildPhase section */

/* Begin PBXTargetDependency section */
		25145C3A2EDE61D90095D7A9 /* PBXTargetDependency */ = {
			isa = PBXTargetDependency;
			target = 25145C282EDE61D80095D7A9 /* ParaFlightLogWidgetExtensionExtension */;
			targetProxy = 25145C392EDE61D90095D7A9 /* PBXContainerItemProxy */;
		};
		257C68F22ECB7651005F3773 /* PBXTargetDependency */ = {
			isa = PBXTargetDependency;
			target = 257C68E82ECB7650005F3773 /* ParaFlightLogWatch Watch App */;
			targetProxy = 257C68F12ECB7651005F3773 /* PBXContainerItemProxy */;
		};
		51B6BBD5B1ECD379739BBB40 /* PBXTargetDependency */ = {
			isa = PBXTargetDependency;
			name = ParaFlightLog;
			target = 257C68D42ECB7559005F3773 /* ParaFlightLog */;
			targetProxy = ECD1EE87E25B1A58A2FB38EA /* PBXContainerItemProxy */;
		};
		5C4892D128885B8AF3088824 /* PBXTargetDependency */ = {
			isa = PBXTargetDependency;
			name = ParaFlightLog;
			target = 257C68D42ECB7559005F3773 /* ParaFlightLog */;
			targetProxy = E755DE8AD25D61921709826C /* PBXContainerItemProxy */;
		};
		E502AD038BE1989CD0FD1D5D /* PBXTargetDependency */ = {
			isa = PBXTargetDependency;
			name = SoarXLiveActivity;
			target = 6A1A75134C667D2B821B4C1D /* SoarXLiveActivity */;
			targetProxy = 9583B56852085D488F05ED12 /* PBXContainerItemProxy */;
		};
/* End PBXTargetDependency section */

/* Begin XCBuildConfiguration section */
		25145C3E2EDE61D90095D7A9 /* Debug */ = {
			isa = XCBuildConfiguration;
			buildSettings = {
				ASSETCATALOG_COMPILER_GLOBAL_ACCENT_COLOR_NAME = AccentColor;
				ASSETCATALOG_COMPILER_WIDGET_BACKGROUND_COLOR_NAME = WidgetBackground;
				CODE_SIGN_ENTITLEMENTS = ParaFlightLogWidgetExtension/ParaFlightLogWidgetExtension.entitlements;
				CODE_SIGN_STYLE = Automatic;
				CURRENT_PROJECT_VERSION = 2;
				DEVELOPMENT_TEAM = S96H22CQ8W;
				GENERATE_INFOPLIST_FILE = YES;
				INFOPLIST_FILE = ParaFlightLogWidgetExtension/Info.plist;
				INFOPLIST_KEY_CFBundleDisplayName = SoarX;
				INFOPLIST_KEY_NSHumanReadableCopyright = "";
				LD_RUNPATH_SEARCH_PATHS = (
					"$(inherited)",
					"@executable_path/Frameworks",
					"@executable_path/../../Frameworks",
					"@executable_path/../../../../Frameworks",
				);
				MARKETING_VERSION = 2.0;
				PRODUCT_BUNDLE_IDENTIFIER = com.xavierkain.SoarX.watchkitapp.ParaFlightLogWidgetExtension;
				PRODUCT_NAME = "$(TARGET_NAME)";
				SDKROOT = watchos;
				SKIP_INSTALL = YES;
				STRING_CATALOG_GENERATE_SYMBOLS = YES;
				SWIFT_APPROACHABLE_CONCURRENCY = YES;
				SWIFT_EMIT_LOC_STRINGS = YES;
				SWIFT_UPCOMING_FEATURE_MEMBER_IMPORT_VISIBILITY = YES;
				SWIFT_VERSION = 5.0;
				TARGETED_DEVICE_FAMILY = 4;
				WATCHOS_DEPLOYMENT_TARGET = 26.1;
			};
			name = Debug;
		};
		25145C3F2EDE61D90095D7A9 /* Release */ = {
			isa = XCBuildConfiguration;
			buildSettings = {
				ASSETCATALOG_COMPILER_GLOBAL_ACCENT_COLOR_NAME = AccentColor;
				ASSETCATALOG_COMPILER_WIDGET_BACKGROUND_COLOR_NAME = WidgetBackground;
				CODE_SIGN_ENTITLEMENTS = ParaFlightLogWidgetExtension/ParaFlightLogWidgetExtension.entitlements;
				CODE_SIGN_STYLE = Automatic;
				CURRENT_PROJECT_VERSION = 2;
				DEVELOPMENT_TEAM = S96H22CQ8W;
				GENERATE_INFOPLIST_FILE = YES;
				INFOPLIST_FILE = ParaFlightLogWidgetExtension/Info.plist;
				INFOPLIST_KEY_CFBundleDisplayName = SoarX;
				INFOPLIST_KEY_NSHumanReadableCopyright = "";
				LD_RUNPATH_SEARCH_PATHS = (
					"$(inherited)",
					"@executable_path/Frameworks",
					"@executable_path/../../Frameworks",
					"@executable_path/../../../../Frameworks",
				);
				MARKETING_VERSION = 2.0;
				PRODUCT_BUNDLE_IDENTIFIER = com.xavierkain.SoarX.watchkitapp.ParaFlightLogWidgetExtension;
				PRODUCT_NAME = "$(TARGET_NAME)";
				SDKROOT = watchos;
				SKIP_INSTALL = YES;
				STRING_CATALOG_GENERATE_SYMBOLS = YES;
				SWIFT_APPROACHABLE_CONCURRENCY = YES;
				SWIFT_EMIT_LOC_STRINGS = YES;
				SWIFT_UPCOMING_FEATURE_MEMBER_IMPORT_VISIBILITY = YES;
				SWIFT_VERSION = 5.0;
				TARGETED_DEVICE_FAMILY = 4;
				WATCHOS_DEPLOYMENT_TARGET = 26.1;
			};
			name = Release;
		};
		257C68E02ECB755A005F3773 /* Debug */ = {
			isa = XCBuildConfiguration;
			buildSettings = {
				ALWAYS_SEARCH_USER_PATHS = NO;
				ASSETCATALOG_COMPILER_GENERATE_SWIFT_ASSET_SYMBOL_EXTENSIONS = YES;
				CLANG_ANALYZER_LOCALIZABILITY_NONLOCALIZED = YES;
				CLANG_ANALYZER_NONNULL = YES;
				CLANG_ANALYZER_NUMBER_OBJECT_CONVERSION = YES_AGGRESSIVE;
				CLANG_CXX_LANGUAGE_STANDARD = "gnu++20";
				CLANG_ENABLE_MODULES = YES;
				CLANG_ENABLE_OBJC_ARC = YES;
				CLANG_ENABLE_OBJC_WEAK = YES;
				CLANG_WARN_BLOCK_CAPTURE_AUTORELEASING = YES;
				CLANG_WARN_BOOL_CONVERSION = YES;
				CLANG_WARN_COMMA = YES;
				CLANG_WARN_CONSTANT_CONVERSION = YES;
				CLANG_WARN_DEPRECATED_OBJC_IMPLEMENTATIONS = YES;
				CLANG_WARN_DIRECT_OBJC_ISA_USAGE = YES_ERROR;
				CLANG_WARN_DOCUMENTATION_COMMENTS = YES;
				CLANG_WARN_EMPTY_BODY = YES;
				CLANG_WARN_ENUM_CONVERSION = YES;
				CLANG_WARN_INFINITE_RECURSION = YES;
				CLANG_WARN_INT_CONVERSION = YES;
				CLANG_WARN_NON_LITERAL_NULL_CONVERSION = YES;
				CLANG_WARN_OBJC_IMPLICIT_RETAIN_SELF = YES;
				CLANG_WARN_OBJC_LITERAL_CONVERSION = YES;
				CLANG_WARN_OBJC_ROOT_CLASS = YES_ERROR;
				CLANG_WARN_QUOTED_INCLUDE_IN_FRAMEWORK_HEADER = YES;
				CLANG_WARN_RANGE_LOOP_ANALYSIS = YES;
				CLANG_WARN_STRICT_PROTOTYPES = YES;
				CLANG_WARN_SUSPICIOUS_MOVE = YES;
				CLANG_WARN_UNGUARDED_AVAILABILITY = YES_AGGRESSIVE;
				CLANG_WARN_UNREACHABLE_CODE = YES;
				CLANG_WARN__DUPLICATE_METHOD_MATCH = YES;
				COPY_PHASE_STRIP = NO;
				DEBUG_INFORMATION_FORMAT = dwarf;
				DEVELOPMENT_TEAM = S96H22CQ8W;
				ENABLE_STRICT_OBJC_MSGSEND = YES;
				ENABLE_TESTABILITY = YES;
				ENABLE_USER_SCRIPT_SANDBOXING = YES;
				GCC_C_LANGUAGE_STANDARD = gnu17;
				GCC_DYNAMIC_NO_PIC = NO;
				GCC_NO_COMMON_BLOCKS = YES;
				GCC_OPTIMIZATION_LEVEL = 0;
				GCC_PREPROCESSOR_DEFINITIONS = (
					"DEBUG=1",
					"$(inherited)",
				);
				GCC_WARN_64_TO_32_BIT_CONVERSION = YES;
				GCC_WARN_ABOUT_RETURN_TYPE = YES_ERROR;
				GCC_WARN_UNDECLARED_SELECTOR = YES;
				GCC_WARN_UNINITIALIZED_AUTOS = YES_AGGRESSIVE;
				GCC_WARN_UNUSED_FUNCTION = YES;
				GCC_WARN_UNUSED_VARIABLE = YES;
				IPHONEOS_DEPLOYMENT_TARGET = 26.0;
				LOCALIZATION_PREFERS_STRING_CATALOGS = YES;
				MTL_ENABLE_DEBUG_INFO = INCLUDE_SOURCE;
				MTL_FAST_MATH = YES;
				ONLY_ACTIVE_ARCH = YES;
				SDKROOT = iphoneos;
				STRING_CATALOG_GENERATE_SYMBOLS = YES;
				SWIFT_ACTIVE_COMPILATION_CONDITIONS = "DEBUG $(inherited)";
				SWIFT_OPTIMIZATION_LEVEL = "-Onone";
			};
			name = Debug;
		};
		257C68E12ECB755A005F3773 /* Release */ = {
			isa = XCBuildConfiguration;
			buildSettings = {
				ALWAYS_SEARCH_USER_PATHS = NO;
				ASSETCATALOG_COMPILER_GENERATE_SWIFT_ASSET_SYMBOL_EXTENSIONS = YES;
				CLANG_ANALYZER_LOCALIZABILITY_NONLOCALIZED = YES;
				CLANG_ANALYZER_NONNULL = YES;
				CLANG_ANALYZER_NUMBER_OBJECT_CONVERSION = YES_AGGRESSIVE;
				CLANG_CXX_LANGUAGE_STANDARD = "gnu++20";
				CLANG_ENABLE_MODULES = YES;
				CLANG_ENABLE_OBJC_ARC = YES;
				CLANG_ENABLE_OBJC_WEAK = YES;
				CLANG_WARN_BLOCK_CAPTURE_AUTORELEASING = YES;
				CLANG_WARN_BOOL_CONVERSION = YES;
				CLANG_WARN_COMMA = YES;
				CLANG_WARN_CONSTANT_CONVERSION = YES;
				CLANG_WARN_DEPRECATED_OBJC_IMPLEMENTATIONS = YES;
				CLANG_WARN_DIRECT_OBJC_ISA_USAGE = YES_ERROR;
				CLANG_WARN_DOCUMENTATION_COMMENTS = YES;
				CLANG_WARN_EMPTY_BODY = YES;
				CLANG_WARN_ENUM_CONVERSION = YES;
				CLANG_WARN_INFINITE_RECURSION = YES;
				CLANG_WARN_INT_CONVERSION = YES;
				CLANG_WARN_NON_LITERAL_NULL_CONVERSION = YES;
				CLANG_WARN_OBJC_IMPLICIT_RETAIN_SELF = YES;
				CLANG_WARN_OBJC_LITERAL_CONVERSION = YES;
				CLANG_WARN_OBJC_ROOT_CLASS = YES_ERROR;
				CLANG_WARN_QUOTED_INCLUDE_IN_FRAMEWORK_HEADER = YES;
				CLANG_WARN_RANGE_LOOP_ANALYSIS = YES;
				CLANG_WARN_STRICT_PROTOTYPES = YES;
				CLANG_WARN_SUSPICIOUS_MOVE = YES;
				CLANG_WARN_UNGUARDED_AVAILABILITY = YES_AGGRESSIVE;
				CLANG_WARN_UNREACHABLE_CODE = YES;
				CLANG_WARN__DUPLICATE_METHOD_MATCH = YES;
				COPY_PHASE_STRIP = NO;
				DEBUG_INFORMATION_FORMAT = "dwarf-with-dsym";
				DEVELOPMENT_TEAM = S96H22CQ8W;
				ENABLE_NS_ASSERTIONS = NO;
				ENABLE_STRICT_OBJC_MSGSEND = YES;
				ENABLE_USER_SCRIPT_SANDBOXING = YES;
				GCC_C_LANGUAGE_STANDARD = gnu17;
				GCC_NO_COMMON_BLOCKS = YES;
				GCC_WARN_64_TO_32_BIT_CONVERSION = YES;
				GCC_WARN_ABOUT_RETURN_TYPE = YES_ERROR;
				GCC_WARN_UNDECLARED_SELECTOR = YES;
				GCC_WARN_UNINITIALIZED_AUTOS = YES_AGGRESSIVE;
				GCC_WARN_UNUSED_FUNCTION = YES;
				GCC_WARN_UNUSED_VARIABLE = YES;
				IPHONEOS_DEPLOYMENT_TARGET = 26.0;
				LOCALIZATION_PREFERS_STRING_CATALOGS = YES;
				MTL_ENABLE_DEBUG_INFO = NO;
				MTL_FAST_MATH = YES;
				SDKROOT = iphoneos;
				STRING_CATALOG_GENERATE_SYMBOLS = YES;
				SWIFT_COMPILATION_MODE = wholemodule;
				VALIDATE_PRODUCT = YES;
			};
			name = Release;
		};
		257C68E32ECB755A005F3773 /* Debug */ = {
			isa = XCBuildConfiguration;
			buildSettings = {
				ASSETCATALOG_COMPILER_APPICON_NAME = AppIcon;
				ASSETCATALOG_COMPILER_GLOBAL_ACCENT_COLOR_NAME = AccentColor;
				CODE_SIGN_ENTITLEMENTS = ParaFlightLog/SoarX.entitlements;
				CODE_SIGN_STYLE = Automatic;
				CURRENT_PROJECT_VERSION = 2;
				DEVELOPMENT_TEAM = S96H22CQ8W;
				ENABLE_PREVIEWS = YES;
				GENERATE_INFOPLIST_FILE = YES;
				INFOPLIST_FILE = ParaFlightLog/Info.plist;
				INFOPLIST_KEY_CFBundleDisplayName = SoarX;
				INFOPLIST_KEY_NSLocationAlwaysAndWhenInUseUsageDescription = "SOARX utilise votre position pour enregistrer automatiquement vos vols de parapente, même en arrière-plan.";
				INFOPLIST_KEY_NSLocationWhenInUseUsageDescription = "SOARX utilise votre position pour enregistrer le lieu de décollage de vos vols de parapente.";
				INFOPLIST_KEY_NSMotionUsageDescription = "SoarX utilise le baromètre pour le variomètre (taux de montée) pendant vos vols.";
				INFOPLIST_KEY_UIApplicationSceneManifest_Generation = YES;
				INFOPLIST_KEY_UIApplicationSupportsIndirectInputEvents = YES;
				INFOPLIST_KEY_UILaunchScreen_Generation = YES;
				INFOPLIST_KEY_UISupportedInterfaceOrientations_iPad = "UIInterfaceOrientationPortrait UIInterfaceOrientationPortraitUpsideDown UIInterfaceOrientationLandscapeLeft UIInterfaceOrientationLandscapeRight";
				INFOPLIST_KEY_UISupportedInterfaceOrientations_iPhone = "UIInterfaceOrientationPortrait UIInterfaceOrientationLandscapeLeft UIInterfaceOrientationLandscapeRight";
				LD_RUNPATH_SEARCH_PATHS = (
					"$(inherited)",
					"@executable_path/Frameworks",
				);
				MARKETING_VERSION = 2.0;
				PRODUCT_BUNDLE_IDENTIFIER = com.xavierkain.SoarX;
				PRODUCT_NAME = "$(TARGET_NAME)";
				STRING_CATALOG_GENERATE_SYMBOLS = YES;
				SWIFT_APPROACHABLE_CONCURRENCY = YES;
				SWIFT_DEFAULT_ACTOR_ISOLATION = MainActor;
				SWIFT_EMIT_LOC_STRINGS = YES;
				SWIFT_UPCOMING_FEATURE_MEMBER_IMPORT_VISIBILITY = YES;
				SWIFT_VERSION = 5.0;
				TARGETED_DEVICE_FAMILY = "1,2";
			};
			name = Debug;
		};
		257C68E42ECB755A005F3773 /* Release */ = {
			isa = XCBuildConfiguration;
			buildSettings = {
				ASSETCATALOG_COMPILER_APPICON_NAME = AppIcon;
				ASSETCATALOG_COMPILER_GLOBAL_ACCENT_COLOR_NAME = AccentColor;
				CODE_SIGN_ENTITLEMENTS = ParaFlightLog/SoarX.entitlements;
				CODE_SIGN_STYLE = Automatic;
				CURRENT_PROJECT_VERSION = 2;
				DEVELOPMENT_TEAM = S96H22CQ8W;
				ENABLE_PREVIEWS = YES;
				GENERATE_INFOPLIST_FILE = YES;
				INFOPLIST_FILE = ParaFlightLog/Info.plist;
				INFOPLIST_KEY_CFBundleDisplayName = SoarX;
				INFOPLIST_KEY_NSLocationAlwaysAndWhenInUseUsageDescription = "SOARX utilise votre position pour enregistrer automatiquement vos vols de parapente, même en arrière-plan.";
				INFOPLIST_KEY_NSLocationWhenInUseUsageDescription = "SOARX utilise votre position pour enregistrer le lieu de décollage de vos vols de parapente.";
				INFOPLIST_KEY_NSMotionUsageDescription = "SoarX utilise le baromètre pour le variomètre (taux de montée) pendant vos vols.";
				INFOPLIST_KEY_UIApplicationSceneManifest_Generation = YES;
				INFOPLIST_KEY_UIApplicationSupportsIndirectInputEvents = YES;
				INFOPLIST_KEY_UILaunchScreen_Generation = YES;
				INFOPLIST_KEY_UISupportedInterfaceOrientations_iPad = "UIInterfaceOrientationPortrait UIInterfaceOrientationPortraitUpsideDown UIInterfaceOrientationLandscapeLeft UIInterfaceOrientationLandscapeRight";
				INFOPLIST_KEY_UISupportedInterfaceOrientations_iPhone = "UIInterfaceOrientationPortrait UIInterfaceOrientationLandscapeLeft UIInterfaceOrientationLandscapeRight";
				LD_RUNPATH_SEARCH_PATHS = (
					"$(inherited)",
					"@executable_path/Frameworks",
				);
				MARKETING_VERSION = 2.0;
				PRODUCT_BUNDLE_IDENTIFIER = com.xavierkain.SoarX;
				PRODUCT_NAME = "$(TARGET_NAME)";
				STRING_CATALOG_GENERATE_SYMBOLS = YES;
				SWIFT_APPROACHABLE_CONCURRENCY = YES;
				SWIFT_DEFAULT_ACTOR_ISOLATION = MainActor;
				SWIFT_EMIT_LOC_STRINGS = YES;
				SWIFT_UPCOMING_FEATURE_MEMBER_IMPORT_VISIBILITY = YES;
				SWIFT_VERSION = 5.0;
				TARGETED_DEVICE_FAMILY = "1,2";
			};
			name = Release;
		};
		257C68F52ECB7651005F3773 /* Debug */ = {
			isa = XCBuildConfiguration;
			buildSettings = {
				ASSETCATALOG_COMPILER_APPICON_NAME = AppIcon;
				ASSETCATALOG_COMPILER_GLOBAL_ACCENT_COLOR_NAME = AccentColor;
				CODE_SIGN_ENTITLEMENTS = "ParaFlightLogWatch Watch App/ParaFlightLogWatch Watch App.entitlements";
				CODE_SIGN_STYLE = Automatic;
				CURRENT_PROJECT_VERSION = 2;
				DEVELOPMENT_TEAM = S96H22CQ8W;
				ENABLE_PREVIEWS = YES;
				GENERATE_INFOPLIST_FILE = YES;
				INFOPLIST_KEY_CFBundleDisplayName = SoarX;
				INFOPLIST_KEY_NSHealthShareUsageDescription = "SOARX accède à vos données de santé pour enregistrer vos sessions de vol.";
				INFOPLIST_KEY_NSHealthUpdateUsageDescription = "SOARX enregistre vos vols comme activités sportives pour activer le mode Water Lock.";
				INFOPLIST_KEY_NSLocationWhenInUseUsageDescription = "SOARX utilise votre position pour enregistrer le lieu de vos vols.";
				INFOPLIST_KEY_NSMotionUsageDescription = "Utilisé pour détecter les mouvements pendant votre vol";
				INFOPLIST_KEY_UISupportedInterfaceOrientations = "UIInterfaceOrientationPortrait UIInterfaceOrientationPortraitUpsideDown";
				INFOPLIST_KEY_WKCompanionAppBundleIdentifier = com.xavierkain.SoarX;
				LD_RUNPATH_SEARCH_PATHS = (
					"$(inherited)",
					"@executable_path/Frameworks",
				);
				MARKETING_VERSION = 2.0;
				PRODUCT_BUNDLE_IDENTIFIER = com.xavierkain.SoarX.watchkitapp;
				PRODUCT_NAME = "$(TARGET_NAME)";
				SDKROOT = watchos;
				SKIP_INSTALL = YES;
				STRING_CATALOG_GENERATE_SYMBOLS = YES;
				SWIFT_APPROACHABLE_CONCURRENCY = YES;
				SWIFT_DEFAULT_ACTOR_ISOLATION = MainActor;
				SWIFT_EMIT_LOC_STRINGS = YES;
				SWIFT_UPCOMING_FEATURE_MEMBER_IMPORT_VISIBILITY = YES;
				SWIFT_VERSION = 5.0;
				TARGETED_DEVICE_FAMILY = 4;
				WATCHOS_DEPLOYMENT_TARGET = 26.0;
			};
			name = Debug;
		};
		257C68F62ECB7651005F3773 /* Release */ = {
			isa = XCBuildConfiguration;
			buildSettings = {
				ASSETCATALOG_COMPILER_APPICON_NAME = AppIcon;
				ASSETCATALOG_COMPILER_GLOBAL_ACCENT_COLOR_NAME = AccentColor;
				CODE_SIGN_ENTITLEMENTS = "ParaFlightLogWatch Watch App/ParaFlightLogWatch Watch App.entitlements";
				CODE_SIGN_STYLE = Automatic;
				CURRENT_PROJECT_VERSION = 2;
				DEVELOPMENT_TEAM = S96H22CQ8W;
				ENABLE_PREVIEWS = YES;
				GENERATE_INFOPLIST_FILE = YES;
				INFOPLIST_KEY_CFBundleDisplayName = SoarX;
				INFOPLIST_KEY_NSHealthShareUsageDescription = "SOARX accède à vos données de santé pour enregistrer vos sessions de vol.";
				INFOPLIST_KEY_NSHealthUpdateUsageDescription = "SOARX enregistre vos vols comme activités sportives pour activer le mode Water Lock.";
				INFOPLIST_KEY_NSLocationWhenInUseUsageDescription = "SOARX utilise votre position pour enregistrer le lieu de vos vols.";
				INFOPLIST_KEY_NSMotionUsageDescription = "Utilisé pour détecter les mouvements pendant votre vol";
				INFOPLIST_KEY_UISupportedInterfaceOrientations = "UIInterfaceOrientationPortrait UIInterfaceOrientationPortraitUpsideDown";
				INFOPLIST_KEY_WKCompanionAppBundleIdentifier = com.xavierkain.SoarX;
				LD_RUNPATH_SEARCH_PATHS = (
					"$(inherited)",
					"@executable_path/Frameworks",
				);
				MARKETING_VERSION = 2.0;
				PRODUCT_BUNDLE_IDENTIFIER = com.xavierkain.SoarX.watchkitapp;
				PRODUCT_NAME = "$(TARGET_NAME)";
				SDKROOT = watchos;
				SKIP_INSTALL = YES;
				STRING_CATALOG_GENERATE_SYMBOLS = YES;
				SWIFT_APPROACHABLE_CONCURRENCY = YES;
				SWIFT_DEFAULT_ACTOR_ISOLATION = MainActor;
				SWIFT_EMIT_LOC_STRINGS = YES;
				SWIFT_UPCOMING_FEATURE_MEMBER_IMPORT_VISIBILITY = YES;
				SWIFT_VERSION = 5.0;
				TARGETED_DEVICE_FAMILY = 4;
				WATCHOS_DEPLOYMENT_TARGET = 26.0;
			};
			name = Release;
		};
		3D8D8781DE49DBE605C956CA /* Debug */ = {
			isa = XCBuildConfiguration;
			buildSettings = {
				BUNDLE_LOADER = "$(TEST_HOST)";
				CLANG_ENABLE_OBJC_WEAK = NO;
				CODE_SIGN_STYLE = Automatic;
				DEVELOPMENT_TEAM = S96H22CQ8W;
				GENERATE_INFOPLIST_FILE = YES;
				IPHONEOS_DEPLOYMENT_TARGET = 26.0;
				PRODUCT_BUNDLE_IDENTIFIER = com.xavierkain.SoarXTests;
				PRODUCT_NAME = "$(TARGET_NAME)";
				SDKROOT = iphoneos;
				SWIFT_VERSION = 5.0;
				TARGETED_DEVICE_FAMILY = "1,2";
				TEST_HOST = "$(BUILT_PRODUCTS_DIR)/ParaFlightLog.app/$(BUNDLE_EXECUTABLE_FOLDER_PATH)/ParaFlightLog";
			};
			name = Debug;
		};
		9D38D6431EC81D4FEFF6731C /* Debug */ = {
			isa = XCBuildConfiguration;
			buildSettings = {
				CLANG_ENABLE_OBJC_WEAK = NO;
				CODE_SIGN_STYLE = Automatic;
				DEVELOPMENT_TEAM = S96H22CQ8W;
				INFOPLIST_FILE = ParaFlightLogUITests/Info.plist;
				IPHONEOS_DEPLOYMENT_TARGET = 17.0;
				LD_RUNPATH_SEARCH_PATHS = (
					"$(inherited)",
					"@executable_path/Frameworks",
					"@loader_path/Frameworks",
				);
				PRODUCT_BUNDLE_IDENTIFIER = com.xavierkain.SoarXUITests;
				PRODUCT_NAME = "$(TARGET_NAME)";
				SDKROOT = iphoneos;
				SWIFT_VERSION = 5.0;
				TEST_TARGET_NAME = ParaFlightLog;
			};
			name = Debug;
		};
		9F6A609A3B98072264434F09 /* Release */ = {
			isa = XCBuildConfiguration;
			buildSettings = {
				BUNDLE_LOADER = "$(TEST_HOST)";
				CLANG_ENABLE_OBJC_WEAK = NO;
				CODE_SIGN_STYLE = Automatic;
				DEVELOPMENT_TEAM = S96H22CQ8W;
				GENERATE_INFOPLIST_FILE = YES;
				IPHONEOS_DEPLOYMENT_TARGET = 26.0;
				PRODUCT_BUNDLE_IDENTIFIER = com.xavierkain.SoarXTests;
				PRODUCT_NAME = "$(TARGET_NAME)";
				SDKROOT = iphoneos;
				SWIFT_VERSION = 5.0;
				TARGETED_DEVICE_FAMILY = "1,2";
				TEST_HOST = "$(BUILT_PRODUCTS_DIR)/ParaFlightLog.app/$(BUNDLE_EXECUTABLE_FOLDER_PATH)/ParaFlightLog";
				VALIDATE_PRODUCT = YES;
			};
			name = Release;
		};
		BD99F6AC3016C9EC8E295507 /* Release */ = {
			isa = XCBuildConfiguration;
			buildSettings = {
				CLANG_ENABLE_OBJC_WEAK = NO;
				CODE_SIGN_STYLE = Automatic;
				CURRENT_PROJECT_VERSION = 2;
				DEVELOPMENT_TEAM = S96H22CQ8W;
				GENERATE_INFOPLIST_FILE = YES;
				INFOPLIST_FILE = SoarXLiveActivity/Info.plist;
				INFOPLIST_KEY_CFBundleDisplayName = SoarX;
				IPHONEOS_DEPLOYMENT_TARGET = 26.0;
				MARKETING_VERSION = 2.0;
				PRODUCT_BUNDLE_IDENTIFIER = com.xavierkain.SoarX.LiveActivity;
				PRODUCT_NAME = "$(TARGET_NAME)";
				SDKROOT = iphoneos;
				SKIP_INSTALL = YES;
				SWIFT_EMIT_LOC_STRINGS = YES;
				SWIFT_VERSION = 5.0;
				TARGETED_DEVICE_FAMILY = "1,2";
				VALIDATE_PRODUCT = YES;
			};
			name = Release;
		};
		CF683A1B74FFCBE12F05C5D9 /* Debug */ = {
			isa = XCBuildConfiguration;
			buildSettings = {
				CLANG_ENABLE_OBJC_WEAK = NO;
				CODE_SIGN_STYLE = Automatic;
				CURRENT_PROJECT_VERSION = 2;
				DEVELOPMENT_TEAM = S96H22CQ8W;
				GENERATE_INFOPLIST_FILE = YES;
				INFOPLIST_FILE = SoarXLiveActivity/Info.plist;
				INFOPLIST_KEY_CFBundleDisplayName = SoarX;
				IPHONEOS_DEPLOYMENT_TARGET = 26.0;
				MARKETING_VERSION = 2.0;
				PRODUCT_BUNDLE_IDENTIFIER = com.xavierkain.SoarX.LiveActivity;
				PRODUCT_NAME = "$(TARGET_NAME)";
				SDKROOT = iphoneos;
				SKIP_INSTALL = YES;
				SWIFT_EMIT_LOC_STRINGS = YES;
				SWIFT_VERSION = 5.0;
				TARGETED_DEVICE_FAMILY = "1,2";
			};
			name = Debug;
		};
		FB5FF756612F26A5B528F598 /* Release */ = {
			isa = XCBuildConfiguration;
			buildSettings = {
				CLANG_ENABLE_OBJC_WEAK = NO;
				CODE_SIGN_STYLE = Automatic;
				DEVELOPMENT_TEAM = S96H22CQ8W;
				INFOPLIST_FILE = ParaFlightLogUITests/Info.plist;
				IPHONEOS_DEPLOYMENT_TARGET = 17.0;
				LD_RUNPATH_SEARCH_PATHS = (
					"$(inherited)",
					"@executable_path/Frameworks",
					"@loader_path/Frameworks",
				);
				PRODUCT_BUNDLE_IDENTIFIER = com.xavierkain.SoarXUITests;
				PRODUCT_NAME = "$(TARGET_NAME)";
				SDKROOT = iphoneos;
				SWIFT_VERSION = 5.0;
				TEST_TARGET_NAME = ParaFlightLog;
				VALIDATE_PRODUCT = YES;
			};
			name = Release;
		};
/* End XCBuildConfiguration section */

/* Begin XCConfigurationList section */
		25145C3D2EDE61D90095D7A9 /* Build configuration list for PBXNativeTarget "ParaFlightLogWidgetExtensionExtension" */ = {
			isa = XCConfigurationList;
			buildConfigurations = (
				25145C3E2EDE61D90095D7A9 /* Debug */,
				25145C3F2EDE61D90095D7A9 /* Release */,
			);
			defaultConfigurationIsVisible = 0;
			defaultConfigurationName = Release;
		};
		257C68D02ECB7559005F3773 /* Build configuration list for PBXProject "ParaFlightLog" */ = {
			isa = XCConfigurationList;
			buildConfigurations = (
				257C68E02ECB755A005F3773 /* Debug */,
				257C68E12ECB755A005F3773 /* Release */,
			);
			defaultConfigurationIsVisible = 0;
			defaultConfigurationName = Release;
		};
		257C68E22ECB755A005F3773 /* Build configuration list for PBXNativeTarget "ParaFlightLog" */ = {
			isa = XCConfigurationList;
			buildConfigurations = (
				257C68E32ECB755A005F3773 /* Debug */,
				257C68E42ECB755A005F3773 /* Release */,
			);
			defaultConfigurationIsVisible = 0;
			defaultConfigurationName = Release;
		};
		257C68F42ECB7651005F3773 /* Build configuration list for PBXNativeTarget "ParaFlightLogWatch Watch App" */ = {
			isa = XCConfigurationList;
			buildConfigurations = (
				257C68F52ECB7651005F3773 /* Debug */,
				257C68F62ECB7651005F3773 /* Release */,
			);
			defaultConfigurationIsVisible = 0;
			defaultConfigurationName = Release;
		};
		290FBA00898A0E04C0E9D39F /* Build configuration list for PBXNativeTarget "ParaFlightLogTests" */ = {
			isa = XCConfigurationList;
			buildConfigurations = (
				9F6A609A3B98072264434F09 /* Release */,
				3D8D8781DE49DBE605C956CA /* Debug */,
			);
			defaultConfigurationIsVisible = 0;
			defaultConfigurationName = Release;
		};
		B23A6463EF00048A41B96B50 /* Build configuration list for PBXNativeTarget "SoarXLiveActivity" */ = {
			isa = XCConfigurationList;
			buildConfigurations = (
				BD99F6AC3016C9EC8E295507 /* Release */,
				CF683A1B74FFCBE12F05C5D9 /* Debug */,
			);
			defaultConfigurationIsVisible = 0;
			defaultConfigurationName = Release;
		};
		C4177446359846B680A93531 /* Build configuration list for PBXNativeTarget "ParaFlightLogUITests" */ = {
			isa = XCConfigurationList;
			buildConfigurations = (
				FB5FF756612F26A5B528F598 /* Release */,
				9D38D6431EC81D4FEFF6731C /* Debug */,
			);
			defaultConfigurationIsVisible = 0;
			defaultConfigurationName = Release;
		};
/* End XCConfigurationList section */
	};
	rootObject = 257C68CD2ECB7559005F3773 /* Project object */;
}
