// !$*UTF8*$!
{
	archiveVersion = 1;
	classes = {
	};
	objectVersion = 77;
	objects = {

/* Begin PBXBuildFile section */
		19ACDAC342956718EB1A28C8 /* ScreenshotTests.swift in Sources */ = {isa = PBXBuildFile; fileRef = C4AFF1A10FB982DE2DDD31AF /* ScreenshotTests.swift */; };
		250A317E2EDDFB18004F63C8 /* StatsCache.swift in Sources */ = {isa = PBXBuildFile; fileRef = 250A317D2EDDFB18004F63C8 /* StatsCache.swift */; };
		BB0000012EEBB0000000000A /* Constants.swift in Sources */ = {isa = PBXBuildFile; fileRef = BB0000002EEBB0000000000A /* Constants.swift */; };
		25145BD62EDE096C0095D7A9 /* Localizable.xcstrings in Resources */ = {isa = PBXBuildFile; fileRef = 38054EE6ECB34782BD8BBD6F /* Localizable.xcstrings */; };
		25145C2C2EDE61D80095D7A9 /* WidgetKit.framework in Frameworks */ = {isa = PBXBuildFile; fileRef = 25145C2B2EDE61D80095D7A9 /* WidgetKit.framework */; };
		25145C2E2EDE61D80095D7A9 /* SwiftUI.framework in Frameworks */ = {isa = PBXBuildFile; fileRef = 25145C2D2EDE61D80095D7A9 /* SwiftUI.framework */; };
		25145C3B2EDE61D90095D7A9 /* ParaFlightLogWidgetExtensionExtension.appex in Embed Foundation Extensions */ = {isa = PBXBuildFile; fileRef = 25145C292EDE61D80095D7A9 /* ParaFlightLogWidgetExtensionExtension.appex */; settings = {ATTRIBUTES = (RemoveHeadersOnCopy, ); }; };
		25145C442EDF01FE0095D7A9 /* SharedModels.swift in Sources */ = {isa = PBXBuildFile; fileRef = 25C9798F2EDBB5DA009233B8 /* SharedModels.swift */; };
		2564C6572EDBB92000C716D0 /* LocationService.swift in Sources */ = {isa = PBXBuildFile; fileRef = 2564C6532EDBB92000C716D0 /* LocationService.swift */; };
		2564C6582EDBB92000C716D0 /* DataController.swift in Sources */ = {isa = PBXBuildFile; fileRef = 2564C6522EDBB92000C716D0 /* DataController.swift */; };
		2564C6592EDBB92000C716D0 /* IOSViews.swift in Sources */ = {isa = PBXBuildFile; fileRef = 2564C6542EDBB92000C716D0 /* IOSViews.swift */; };
		2564C65A2EDBB92000C716D0 /* WatchConnectivityManager.swift in Sources */ = {isa = PBXBuildFile; fileRef = 2564C6562EDBB92000C716D0 /* WatchConnectivityManager.swift */; };
		257C68F32ECB7651005F3773 /* ParaFlightLogWatch Watch App.app in Embed Watch Content */ = {isa = PBXBuildFile; fileRef = 257C68E92ECB7650005F3773 /* ParaFlightLogWatch Watch App.app */; settings = {ATTRIBUTES = (RemoveHeadersOnCopy, ); }; };
		2589C4572F02D8E000EF6911 /* Appwrite in Frameworks */ = {isa = PBXBuildFile; productRef = 2589C4562F02D8E000EF6911 /* Appwrite */; };
		25C979902EDBB5DA009233B8 /* SharedModels.swift in Sources */ = {isa = PBXBuildFile; fileRef = 25C9798F2EDBB5DA009233B8 /* SharedModels.swift */; };
		25C979922EDBB5DA009233B8 /* SharedModels.swift in Sources */ = {isa = PBXBuildFile; fileRef = 25C9798F2EDBB5DA009233B8 /* SharedModels.swift */; };
		25C979932EDBB5DA009233B8 /* Models.swift in Sources */ = {isa = PBXBuildFile; fileRef = 25C9798E2EDBB5DA009233B8 /* Models.swift */; };
		3F0BACBCCB664DE2AE6D5792 /* Localizable.xcstrings in Resources */ = {isa = PBXBuildFile; fileRef = 38054EE6ECB34782BD8BBD6F /* Localizable.xcstrings */; };
		AA0000012EEBB00000000001 /* FlightsViews.swift in Sources */ = {isa = PBXBuildFile; fileRef = AA0000002EEBB00000000001 /* FlightsViews.swift */; };
		AA0000032EEBB00000000002 /* WingsViews.swift in Sources */ = {isa = PBXBuildFile; fileRef = AA0000022EEBB00000000002 /* WingsViews.swift */; };
		AA0000052EEBB00000000003 /* StatsViews.swift in Sources */ = {isa = PBXBuildFile; fileRef = AA0000042EEBB00000000003 /* StatsViews.swift */; };
		AA0000072EEBB00000000004 /* TimerViews.swift in Sources */ = {isa = PBXBuildFile; fileRef = AA0000062EEBB00000000004 /* TimerViews.swift */; };
		AA0000092EEBB00000000005 /* SettingsViews.swift in Sources */ = {isa = PBXBuildFile; fileRef = AA0000082EEBB00000000005 /* SettingsViews.swift */; };
		AA00000B2EEBB00000000006 /* ProfileViews.swift in Sources */ = {isa = PBXBuildFile; fileRef = AA00000A2EEBB00000000006 /* ProfileViews.swift */; };
		AA00000D2EEBB00000000007 /* DiscoverViews.swift in Sources */ = {isa = PBXBuildFile; fileRef = AA00000C2EEBB00000000007 /* DiscoverViews.swift */; };
		AA00000F2EEBB00000000008 /* SpotViews.swift in Sources */ = {isa = PBXBuildFile; fileRef = AA00000E2EEBB00000000008 /* SpotViews.swift */; };
		AA0000112EEBB00000000009 /* SearchViews.swift in Sources */ = {isa = PBXBuildFile; fileRef = AA0000102EEBB00000000009 /* SearchViews.swift */; };
		C841AFFD7BE2509F251B21C5 /* Foundation.framework in Frameworks */ = {isa = PBXBuildFile; fileRef = 3D6E3BD81946B048929752FA /* Foundation.framework */; };
		D3EEDC2F14D44AF39E21AEE1 /* ZipBackup.swift in Sources */ = {isa = PBXBuildFile; fileRef = 362EAB42550846EE9491A703 /* ZipBackup.swift */; };
		E07FE23106BC451BAF22AC49 /* ChartsView.swift in Sources */ = {isa = PBXBuildFile; fileRef = C310D0CB152141398E4E5E4F /* ChartsView.swift */; };
		F14343D9399ADC201677F237 /* SnapshotHelper.swift in Sources */ = {isa = PBXBuildFile; fileRef = 536A65B8BA7237382742B91A /* SnapshotHelper.swift */; };
/* End PBXBuildFile section */

/* Begin PBXContainerItemProxy section */
		25145C392EDE61D90095D7A9 /* PBXContainerItemProxy */ = {
			isa = PBXContainerItemProxy;
			containerPortal = 257C68CD2ECB7559005F3773 /* Project object */;
			proxyType = 1;
			remoteGlobalIDString = 25145C282EDE61D80095D7A9;
			remoteInfo = ParaFlightLogWidgetExtensionExtension;
		};
		257C68F12ECB7651005F3773 /* PBXContainerItemProxy */ = {
			isa = PBXContainerItemProxy;
			containerPortal = 257C68CD2ECB7559005F3773 /* Project object */;
			proxyType = 1;
			remoteGlobalIDString = 257C68E82ECB7650005F3773;
			remoteInfo = "ParaFlightLogWatch Watch App";
		};
		ECD1EE87E25B1A58A2FB38EA /* PBXContainerItemProxy */ = {
			isa = PBXContainerItemProxy;
			containerPortal = 257C68CD2ECB7559005F3773 /* Project object */;
			proxyType = 1;
			remoteGlobalIDString = 257C68D42ECB7559005F3773;
			remoteInfo = ParaFlightLog;
		};
/* End PBXContainerItemProxy section */

/* Begin PBXCopyFilesBuildPhase section */
		25145C402EDE61D90095D7A9 /* Embed Foundation Extensions */ = {
			isa = PBXCopyFilesBuildPhase;
			buildActionMask = 2147483647;
			dstPath = "";
			dstSubfolderSpec = 13;
			files = (
				25145C3B2EDE61D90095D7A9 /* ParaFlightLogWidgetExtensionExtension.appex in Embed Foundation Extensions */,
			);
			name = "Embed Foundation Extensions";
			runOnlyForDeploymentPostprocessing = 0;
		};
		257C68F72ECB7651005F3773 /* Embed Watch Content */ = {
			isa = PBXCopyFilesBuildPhase;
			buildActionMask = 2147483647;
			dstPath = "$(CONTENTS_FOLDER_PATH)/Watch";
			dstSubfolderSpec = 16;
			files = (
				257C68F32ECB7651005F3773 /* ParaFlightLogWatch Watch App.app in Embed Watch Content */,
			);
			name = "Embed Watch Content";
			runOnlyForDeploymentPostprocessing = 0;
		};
/* End PBXCopyFilesBuildPhase section */

/* Begin PBXFileReference section */
		250A317D2EDDFB18004F63C8 /* StatsCache.swift */ = {isa = PBXFileReference; lastKnownFileType = sourcecode.swift; path = StatsCache.swift; sourceTree = "<group>"; };
		BB0000002EEBB0000000000A /* Constants.swift */ = {isa = PBXFileReference; lastKnownFileType = sourcecode.swift; path = "ParaFlightLog/Constants.swift"; sourceTree = "<group>"; };
		25145B8B2EDE042F0095D7A9 /* ParaFlightLog/ExcelImporter.swift */ = {isa = PBXFileReference; lastKnownFileType = sourcecode.swift; path = ParaFlightLog/ExcelImporter.swift; sourceTree = "<group>"; };
		25145C292EDE61D80095D7A9 /* ParaFlightLogWidgetExtensionExtension.appex */ = {isa = PBXFileReference; explicitFileType = "wrapper.app-extension"; includeInIndex = 0; path = ParaFlightLogWidgetExtensionExtension.appex; sourceTree = BUILT_PRODUCTS_DIR; };
		25145C2B2EDE61D80095D7A9 /* WidgetKit.framework */ = {isa = PBXFileReference; lastKnownFileType = wrapper.framework; name = WidgetKit.framework; path = System/Library/Frameworks/WidgetKit.framework; sourceTree = SDKROOT; };
		25145C2D2EDE61D80095D7A9 /* SwiftUI.framework */ = {isa = PBXFileReference; lastKnownFileType = wrapper.framework; name = SwiftUI.framework; path = System/Library/Frameworks/SwiftUI.framework; sourceTree = SDKROOT; };
		2564C6522EDBB92000C716D0 /* DataController.swift */ = {isa = PBXFileReference; lastKnownFileType = sourcecode.swift; path = DataController.swift; sourceTree = "<group>"; };
		2564C6532EDBB92000C716D0 /* LocationService.swift */ = {isa = PBXFileReference; lastKnownFileType = sourcecode.swift; path = LocationService.swift; sourceTree = "<group>"; };
		2564C6542EDBB92000C716D0 /* IOSViews.swift */ = {isa = PBXFileReference; lastKnownFileType = sourcecode.swift; path = IOSViews.swift; sourceTree = "<group>"; };
		2564C6562EDBB92000C716D0 /* WatchConnectivityManager.swift */ = {isa = PBXFileReference; lastKnownFileType = sourcecode.swift; path = WatchConnectivityManager.swift; sourceTree = "<group>"; };
		257C68D52ECB7559005F3773 /* ParaFlightLog.app */ = {isa = PBXFileReference; explicitFileType = wrapper.application; includeInIndex = 0; path = ParaFlightLog.app; sourceTree = BUILT_PRODUCTS_DIR; };
		257C68E92ECB7650005F3773 /* ParaFlightLogWatch Watch App.app */ = {isa = PBXFileReference; explicitFileType = wrapper.application; includeInIndex = 0; path = "ParaFlightLogWatch Watch App.app"; sourceTree = BUILT_PRODUCTS_DIR; };
		25C9798E2EDBB5DA009233B8 /* Models.swift */ = {isa = PBXFileReference; lastKnownFileType = sourcecode.swift; path = Models.swift; sourceTree = "<group>"; };
		25C9798F2EDBB5DA009233B8 /* SharedModels.swift */ = {isa = PBXFileReference; lastKnownFileType = sourcecode.swift; path = SharedModels.swift; sourceTree = "<group>"; };
		362EAB42550846EE9491A703 /* ZipBackup.swift */ = {isa = PBXFileReference; lastKnownFileType = sourcecode.swift; path = ZipBackup.swift; sourceTree = "<group>"; };
		38054EE6ECB34782BD8BBD6F /* Localizable.xcstrings */ = {isa = PBXFileReference; lastKnownFileType = text.json.xcstrings; path = Localizable.xcstrings; sourceTree = "<group>"; };
		3D6E3BD81946B048929752FA /* Foundation.framework */ = {isa = PBXFileReference; lastKnownFileType = wrapper.framework; name = Foundation.framework; path = Platforms/iPhoneOS.platform/Developer/SDKs/iPhoneOS18.0.sdk/System/Library/Frameworks/Foundation.framework; sourceTree = DEVELOPER_DIR; };
		536A65B8BA7237382742B91A /* SnapshotHelper.swift */ = {isa = PBXFileReference; includeInIndex = 1; lastKnownFileType = sourcecode.swift; path = SnapshotHelper.swift; sourceTree = "<group>"; };
		857CA46F2ABC9BF56D8FDA8A /* ParaFlightLogUITests.xctest */ = {isa = PBXFileReference; explicitFileType = wrapper.cfbundle; includeInIndex = 0; path = ParaFlightLogUITests.xctest; sourceTree = BUILT_PRODUCTS_DIR; };
		AA0000002EEBB00000000001 /* FlightsViews.swift */ = {isa = PBXFileReference; lastKnownFileType = sourcecode.swift; path = FlightsViews.swift; sourceTree = "<group>"; };
		AA0000022EEBB00000000002 /* WingsViews.swift */ = {isa = PBXFileReference; lastKnownFileType = sourcecode.swift; path = WingsViews.swift; sourceTree = "<group>"; };
		AA0000042EEBB00000000003 /* StatsViews.swift */ = {isa = PBXFileReference; lastKnownFileType = sourcecode.swift; path = StatsViews.swift; sourceTree = "<group>"; };
		AA0000062EEBB00000000004 /* TimerViews.swift */ = {isa = PBXFileReference; lastKnownFileType = sourcecode.swift; path = TimerViews.swift; sourceTree = "<group>"; };
		AA0000082EEBB00000000005 /* SettingsViews.swift */ = {isa = PBXFileReference; lastKnownFileType = sourcecode.swift; path = SettingsViews.swift; sourceTree = "<group>"; };
		AA00000A2EEBB00000000006 /* ProfileViews.swift */ = {isa = PBXFileReference; lastKnownFileType = sourcecode.swift; path = ProfileViews.swift; sourceTree = "<group>"; };
		AA00000C2EEBB00000000007 /* DiscoverViews.swift */ = {isa = PBXFileReference; lastKnownFileType = sourcecode.swift; path = DiscoverViews.swift; sourceTree = "<group>"; };
		AA00000E2EEBB00000000008 /* SpotViews.swift */ = {isa = PBXFileReference; lastKnownFileType = sourcecode.swift; path = SpotViews.swift; sourceTree = "<group>"; };
		AA0000102EEBB00000000009 /* SearchViews.swift */ = {isa = PBXFileReference; lastKnownFileType = sourcecode.swift; path = SearchViews.swift; sourceTree = "<group>"; };
		C310D0CB152141398E4E5E4F /* ChartsView.swift */ = {isa = PBXFileReference; fileEncoding = 4; lastKnownFileType = sourcecode.swift; path = ChartsView.swift; sourceTree = "<group>"; };
		C4AFF1A10FB982DE2DDD31AF /* ScreenshotTests.swift */ = {isa = PBXFileReference; includeInIndex = 1; lastKnownFileType = sourcecode.swift; path = ScreenshotTests.swift; sourceTree = "<group>"; };
/* End PBXFileReference section */

/* Begin PBXFileSystemSynchronizedBuildFileExceptionSet section */
		25145C3C2EDE61D90095D7A9 /* Exceptions for "ParaFlightLogWidgetExtension" folder in "ParaFlightLogWidgetExtensionExtension" target */ = {
			isa = PBXFileSystemSynchronizedBuildFileExceptionSet;
			membershipExceptions = (
				Info.plist,
			);
			target = 25145C282EDE61D80095D7A9 /* ParaFlightLogWidgetExtensionExtension */;
		};
		257C68D7INFOPLIST00000001 /* Exceptions for "ParaFlightLog" folder in "ParaFlightLog" target */ = {
			isa = PBXFileSystemSynchronizedBuildFileExceptionSet;
			membershipExceptions = (
				Info.plist,
			);
			target = 257C68D42ECB7559005F3773 /* ParaFlightLog */;
		};
/* End PBXFileSystemSynchronizedBuildFileExceptionSet section */

/* Begin PBXFileSystemSynchronizedRootGroup section */
		25145C2F2EDE61D80095D7A9 /* ParaFlightLogWidgetExtension */ = {
			isa = PBXFileSystemSynchronizedRootGroup;
			exceptions = (
				25145C3C2EDE61D90095D7A9 /* Exceptions for "ParaFlightLogWidgetExtension" folder in "ParaFlightLogWidgetExtensionExtension" target */,
			);
			path = ParaFlightLogWidgetExtension;
			sourceTree = "<group>";
		};
		257C68D72ECB7559005F3773 /* ParaFlightLog */ = {
			isa = PBXFileSystemSynchronizedRootGroup;
			exceptions = (
				257C68D7INFOPLIST00000001 /* Exceptions for "ParaFlightLog" folder in "ParaFlightLog" target */,
			);
			path = ParaFlightLog;
			sourceTree = "<group>";
		};
		257C68EA2ECB7650005F3773 /* ParaFlightLogWatch Watch App */ = {
			isa = PBXFileSystemSynchronizedRootGroup;
			path = "ParaFlightLogWatch Watch App";
			sourceTree = "<group>";
		};
/* End PBXFileSystemSynchronizedRootGroup section */

/* Begin PBXFrameworksBuildPhase section */
		25145C262EDE61D80095D7A9 /* Frameworks */ = {
			isa = PBXFrameworksBuildPhase;
			buildActionMask = 2147483647;
			files = (
				25145C2E2EDE61D80095D7A9 /* SwiftUI.framework in Frameworks */,
				25145C2C2EDE61D80095D7A9 /* WidgetKit.framework in Frameworks */,
			);
			runOnlyForDeploymentPostprocessing = 0;
		};
		257C68D22ECB7559005F3773 /* Frameworks */ = {
			isa = PBXFrameworksBuildPhase;
			buildActionMask = 2147483647;
			files = (
				2589C4572F02D8E000EF6911 /* Appwrite in Frameworks */,
			);
			runOnlyForDeploymentPostprocessing = 0;
		};
		257C68E62ECB7650005F3773 /* Frameworks */ = {
			isa = PBXFrameworksBuildPhase;
			buildActionMask = 2147483647;
			files = (
			);
			runOnlyForDeploymentPostprocessing = 0;
		};
		E80C6AF10ABC02DA866F6BBD /* Frameworks */ = {
			isa = PBXFrameworksBuildPhase;
			buildActionMask = 2147483647;
			files = (
				C841AFFD7BE2509F251B21C5 /* Foundation.framework in Frameworks */,
			);
			runOnlyForDeploymentPostprocessing = 0;
		};
/* End PBXFrameworksBuildPhase section */

/* Begin PBXGroup section */
		25145C2A2EDE61D80095D7A9 /* Frameworks */ = {
			isa = PBXGroup;
			children = (
				25145C2B2EDE61D80095D7A9 /* WidgetKit.framework */,
				25145C2D2EDE61D80095D7A9 /* SwiftUI.framework */,
				4E3AA268A81F67AD1BCEEE94 /* iOS */,
			);
			name = Frameworks;
			sourceTree = "<group>";
		};
		2564C6552EDBB92000C716D0 /* Views */ = {
			isa = PBXGroup;
			children = (
				2564C6542EDBB92000C716D0 /* IOSViews.swift */,
				C310D0CB152141398E4E5E4F /* ChartsView.swift */,
				AA0000002EEBB00000000001 /* FlightsViews.swift */,
				AA0000022EEBB00000000002 /* WingsViews.swift */,
				AA0000042EEBB00000000003 /* StatsViews.swift */,
				AA0000062EEBB00000000004 /* TimerViews.swift */,
				AA0000082EEBB00000000005 /* SettingsViews.swift */,
				AA00000A2EEBB00000000006 /* ProfileViews.swift */,
				AA00000C2EEBB00000000007 /* DiscoverViews.swift */,
				AA00000E2EEBB00000000008 /* SpotViews.swift */,
				AA0000102EEBB00000000009 /* SearchViews.swift */,
			);
			path = Views;
			sourceTree = "<group>";
		};
		257C68CC2ECB7559005F3773 = {
			isa = PBXGroup;
			children = (
				BB0000002EEBB0000000000A /* Constants.swift */,
				25145B8B2EDE042F0095D7A9 /* ParaFlightLog/ExcelImporter.swift */,
				250A317D2EDDFB18004F63C8 /* StatsCache.swift */,
				25C9798E2EDBB5DA009233B8 /* Models.swift */,
				38054EE6ECB34782BD8BBD6F /* Localizable.xcstrings */,
				2564C6522EDBB92000C716D0 /* DataController.swift */,
				2564C6532EDBB92000C716D0 /* LocationService.swift */,
				2564C6552EDBB92000C716D0 /* Views */,
				2564C6562EDBB92000C716D0 /* WatchConnectivityManager.swift */,
				25C9798F2EDBB5DA009233B8 /* SharedModels.swift */,
				362EAB42550846EE9491A703 /* ZipBackup.swift */,
				257C68D72ECB7559005F3773 /* ParaFlightLog */,
				257C68EA2ECB7650005F3773 /* ParaFlightLogWatch Watch App */,
				25145C2F2EDE61D80095D7A9 /* ParaFlightLogWidgetExtension */,
				25145C2A2EDE61D80095D7A9 /* Frameworks */,
				257C68D62ECB7559005F3773 /* Products */,
				670F2E7C0D53CBDB6867E50A /* ParaFlightLogUITests */,
			);
			sourceTree = "<group>";
		};
		257C68D62ECB7559005F3773 /* Products */ = {
			isa = PBXGroup;
			children = (
				257C68D52ECB7559005F3773 /* ParaFlightLog.app */,
				257C68E92ECB7650005F3773 /* ParaFlightLogWatch Watch App.app */,
				25145C292EDE61D80095D7A9 /* ParaFlightLogWidgetExtensionExtension.appex */,
				857CA46F2ABC9BF56D8FDA8A /* ParaFlightLogUITests.xctest */,
			);
			name = Products;
			sourceTree = "<group>";
		};
		4E3AA268A81F67AD1BCEEE94 /* iOS */ = {
			isa = PBXGroup;
			children = (
				3D6E3BD81946B048929752FA /* Foundation.framework */,
			);
			name = iOS;
			sourceTree = "<group>";
		};
		670F2E7C0D53CBDB6867E50A /* ParaFlightLogUITests */ = {
			isa = PBXGroup;
			children = (
				C4AFF1A10FB982DE2DDD31AF /* ScreenshotTests.swift */,
				536A65B8BA7237382742B91A /* SnapshotHelper.swift */,
			);
			path = ParaFlightLogUITests;
			sourceTree = "<group>";
		};
/* End PBXGroup section */

/* Begin PBXNativeTarget section */
		25145C282EDE61D80095D7A9 /* ParaFlightLogWidgetExtensionExtension */ = {
			isa = PBXNativeTarget;
			buildConfigurationList = 25145C3D2EDE61D90095D7A9 /* Build configuration list for PBXNativeTarget "ParaFlightLogWidgetExtensionExtension" */;
			buildPhases = (
				25145C252EDE61D80095D7A9 /* Sources */,
				25145C262EDE61D80095D7A9 /* Frameworks */,
				25145C272EDE61D80095D7A9 /* Resources */,
			);
			buildRules = (
			);
			dependencies = (
			);
			fileSystemSynchronizedGroups = (
				25145C2F2EDE61D80095D7A9 /* ParaFlightLogWidgetExtension */,
			);
			name = ParaFlightLogWidgetExtensionExtension;
			productName = ParaFlightLogWidgetExtensionExtension;
			productReference = 25145C292EDE61D80095D7A9 /* ParaFlightLogWidgetExtensionExtension.appex */;
			productType = "com.apple.product-type.app-extension";
		};
		257C68D42ECB7559005F3773 /* ParaFlightLog */ = {
			isa = PBXNativeTarget;
			buildConfigurationList = 257C68E22ECB755A005F3773 /* Build configuration list for PBXNativeTarget "ParaFlightLog" */;
			buildPhases = (
				257C68D12ECB7559005F3773 /* Sources */,
				257C68D22ECB7559005F3773 /* Frameworks */,
				257C68D32ECB7559005F3773 /* Resources */,
				257C68F72ECB7651005F3773 /* Embed Watch Content */,
			);
			buildRules = (
			);
			dependencies = (
				257C68F22ECB7651005F3773 /* PBXTargetDependency */,
			);
			fileSystemSynchronizedGroups = (
				257C68D72ECB7559005F3773 /* ParaFlightLog */,
			);
			name = ParaFlightLog;
			productName = ParaFlightLog;
			productReference = 257C68D52ECB7559005F3773 /* ParaFlightLog.app */;
			productType = "com.apple.product-type.application";
		};
		257C68E82ECB7650005F3773 /* ParaFlightLogWatch Watch App */ = {
			isa = PBXNativeTarget;
			buildConfigurationList = 257C68F42ECB7651005F3773 /* Build configuration list for PBXNativeTarget "ParaFlightLogWatch Watch App" */;
			buildPhases = (
				257C68E52ECB7650005F3773 /* Sources */,
				257C68E62ECB7650005F3773 /* Frameworks */,
				257C68E72ECB7650005F3773 /* Resources */,
				25145C402EDE61D90095D7A9 /* Embed Foundation Extensions */,
			);
			buildRules = (
			);
			dependencies = (
				25145C3A2EDE61D90095D7A9 /* PBXTargetDependency */,
			);
			fileSystemSynchronizedGroups = (
				257C68EA2ECB7650005F3773 /* ParaFlightLogWatch Watch App */,
			);
			name = "ParaFlightLogWatch Watch App";
			productName = "ParaFlightLogWatch Watch App";
			productReference = 257C68E92ECB7650005F3773 /* ParaFlightLogWatch Watch App.app */;
			productType = "com.apple.product-type.application";
		};
		BEA3FF2E84D0AF3385FA7786 /* ParaFlightLogUITests */ = {
			isa = PBXNativeTarget;
			buildConfigurationList = C4177446359846B680A93531 /* Build configuration list for PBXNativeTarget "ParaFlightLogUITests" */;
			buildPhases = (
				55118CF58BC4F6AF4587699E /* Sources */,
				E80C6AF10ABC02DA866F6BBD /* Frameworks */,
				96339B7DDE9754DBB17321A4 /* Resources */,
			);
			buildRules = (
			);
			dependencies = (
				51B6BBD5B1ECD379739BBB40 /* PBXTargetDependency */,
			);
			name = ParaFlightLogUITests;
			productName = ParaFlightLogUITests;
			productReference = 857CA46F2ABC9BF56D8FDA8A /* ParaFlightLogUITests.xctest */;
			productType = "com.apple.product-type.bundle.ui-testing";
		};
/* End PBXNativeTarget section */

/* Begin PBXProject section */
		257C68CD2ECB7559005F3773 /* Project object */ = {
			isa = PBXProject;
			attributes = {
				BuildIndependentTargetsInParallel = 1;
				LastSwiftUpdateCheck = 2610;
				LastUpgradeCheck = 2610;
				TargetAttributes = {
					25145C282EDE61D80095D7A9 = {
						CreatedOnToolsVersion = 26.1.1;
					};
					257C68D42ECB7559005F3773 = {
						CreatedOnToolsVersion = 26.1.1;
					};
					257C68E82ECB7650005F3773 = {
						CreatedOnToolsVersion = 26.1.1;
					};
				};
			};
			buildConfigurationList = 257C68D02ECB7559005F3773 /* Build configuration list for PBXProject "ParaFlightLog" */;
			developmentRegion = en;
			hasScannedForEncodings = 0;
			knownRegions = (
				en,
				fr,
				Base,
			);
			mainGroup = 257C68CC2ECB7559005F3773;
			minimizedProjectReferenceProxies = 1;
			packageReferences = (
				2589C4552F02D81B00EF6911 /* XCRemoteSwiftPackageReference "sdk-for-apple" */,
			);
			preferredProjectObjectVersion = 77;
			productRefGroup = 257C68D62ECB7559005F3773 /* Products */;
			projectDirPath = "";
			projectRoot = "";
			targets = (
				257C68D42ECB7559005F3773 /* ParaFlightLog */,
				257C68E82ECB7650005F3773 /* ParaFlightLogWatch Watch App */,
				25145C282EDE61D80095D7A9 /* ParaFlightLogWidgetExtensionExtension */,
				BEA3FF2E84D0AF3385FA7786 /* ParaFlightLogUITests */,
			);
		};
/* End PBXProject section */

/* Begin PBXResourcesBuildPhase section */
		25145C272EDE61D80095D7A9 /* Resources */ = {
			isa = PBXResourcesBuildPhase;
			buildActionMask = 2147483647;
			files = (
			);
			runOnlyForDeploymentPostprocessing = 0;
		};
		257C68D32ECB7559005F3773 /* Resources */ = {
			isa = PBXResourcesBuildPhase;
			buildActionMask = 2147483647;
			files = (
				25145BD62EDE096C0095D7A9 /* Localizable.xcstrings in Resources */,
			);
			runOnlyForDeploymentPostprocessing = 0;
		};
		257C68E72ECB7650005F3773 /* Resources */ = {
			isa = PBXResourcesBuildPhase;
			buildActionMask = 2147483647;
			files = (
				3F0BACBCCB664DE2AE6D5792 /* Localizable.xcstrings in Resources */,
			);
			runOnlyForDeploymentPostprocessing = 0;
		};
		96339B7DDE9754DBB17321A4 /* Resources */ = {
			isa = PBXResourcesBuildPhase;
			buildActionMask = 2147483647;
			files = (
			);
			runOnlyForDeploymentPostprocessing = 0;
		};
/* End PBXResourcesBuildPhase section */

/* Begin PBXSourcesBuildPhase section */
		25145C252EDE61D80095D7A9 /* Sources */ = {
			isa = PBXSourcesBuildPhase;
			buildActionMask = 2147483647;
			files = (
				25145C442EDF01FE0095D7A9 /* SharedModels.swift in Sources */,
			);
			runOnlyForDeploymentPostprocessing = 0;
		};
		257C68D12ECB7559005F3773 /* Sources */ = {
			isa = PBXSourcesBuildPhase;
			buildActionMask = 2147483647;
			files = (
				BB0000012EEBB0000000000A /* Constants.swift in Sources */,
				25C979922EDBB5DA009233B8 /* SharedModels.swift in Sources */,
				25C979932EDBB5DA009233B8 /* Models.swift in Sources */,
				2564C6572EDBB92000C716D0 /* LocationService.swift in Sources */,
				2564C6582EDBB92000C716D0 /* DataController.swift in Sources */,
				2564C6592EDBB92000C716D0 /* IOSViews.swift in Sources */,
				250A317E2EDDFB18004F63C8 /* StatsCache.swift in Sources */,
				2564C65A2EDBB92000C716D0 /* WatchConnectivityManager.swift in Sources */,
				D3EEDC2F14D44AF39E21AEE1 /* ZipBackup.swift in Sources */,
				E07FE23106BC451BAF22AC49 /* ChartsView.swift in Sources */,
				AA0000012EEBB00000000001 /* FlightsViews.swift in Sources */,
				AA0000032EEBB00000000002 /* WingsViews.swift in Sources */,
				AA0000052EEBB00000000003 /* StatsViews.swift in Sources */,
				AA0000072EEBB00000000004 /* TimerViews.swift in Sources */,
				AA0000092EEBB00000000005 /* SettingsViews.swift in Sources */,
				AA00000B2EEBB00000000006 /* ProfileViews.swift in Sources */,
				AA00000D2EEBB00000000007 /* DiscoverViews.swift in Sources */,
				AA00000F2EEBB00000000008 /* SpotViews.swift in Sources */,
				AA0000112EEBB00000000009 /* SearchViews.swift in Sources */,
			);
			runOnlyForDeploymentPostprocessing = 0;
		};
		257C68E52ECB7650005F3773 /* Sources */ = {
			isa = PBXSourcesBuildPhase;
			buildActionMask = 2147483647;
			files = (
				25C979902EDBB5DA009233B8 /* SharedModels.swift in Sources */,
			);
			runOnlyForDeploymentPostprocessing = 0;
		};
		55118CF58BC4F6AF4587699E /* Sources */ = {
			isa = PBXSourcesBuildPhase;
			buildActionMask = 2147483647;
			files = (
				19ACDAC342956718EB1A28C8 /* ScreenshotTests.swift in Sources */,
				F14343D9399ADC201677F237 /* SnapshotHelper.swift in Sources */,
			);
			runOnlyForDeploymentPostprocessing = 0;
		};
/* End PBXSourcesBuildPhase section */

/* Begin PBXTargetDependency section */
		25145C3A2EDE61D90095D7A9 /* PBXTargetDependency */ = {
			isa = PBXTargetDependency;
			target = 25145C282EDE61D80095D7A9 /* ParaFlightLogWidgetExtensionExtension */;
			targetProxy = 25145C392EDE61D90095D7A9 /* PBXContainerItemProxy */;
		};
		257C68F22ECB7651005F3773 /* PBXTargetDependency */ = {
			isa = PBXTargetDependency;
			target = 257C68E82ECB7650005F3773 /* ParaFlightLogWatch Watch App */;
			targetProxy = 257C68F12ECB7651005F3773 /* PBXContainerItemProxy */;
		};
		51B6BBD5B1ECD379739BBB40 /* PBXTargetDependency */ = {
			isa = PBXTargetDependency;
			name = ParaFlightLog;
			target = 257C68D42ECB7559005F3773 /* ParaFlightLog */;
			targetProxy = ECD1EE87E25B1A58A2FB38EA /* PBXContainerItemProxy */;
		};
/* End PBXTargetDependency section */

/* Begin XCBuildConfiguration section */
		25145C3E2EDE61D90095D7A9 /* Debug */ = {
			isa = XCBuildConfiguration;
			buildSettings = {
				ASSETCATALOG_COMPILER_GLOBAL_ACCENT_COLOR_NAME = AccentColor;
				ASSETCATALOG_COMPILER_WIDGET_BACKGROUND_COLOR_NAME = WidgetBackground;
				CODE_SIGN_STYLE = Automatic;
				CURRENT_PROJECT_VERSION = 2;
				DEVELOPMENT_TEAM = S96H22CQ8W;
				GENERATE_INFOPLIST_FILE = YES;
				INFOPLIST_FILE = ParaFlightLogWidgetExtension/Info.plist;
				INFOPLIST_KEY_CFBundleDisplayName = ParaFlightLogWidgetExtension;
				INFOPLIST_KEY_NSHumanReadableCopyright = "";
				LD_RUNPATH_SEARCH_PATHS = (
					"$(inherited)",
					"@executable_path/Frameworks",
					"@executable_path/../../Frameworks",
					"@executable_path/../../../../Frameworks",
				);
				MARKETING_VERSION = 2.0;
				PRODUCT_BUNDLE_IDENTIFIER = com.xavierkain.ParaFlightLog.watchkitapp.ParaFlightLogWidgetExtension;
				PRODUCT_NAME = "$(TARGET_NAME)";
				SDKROOT = watchos;
				SKIP_INSTALL = YES;
				STRING_CATALOG_GENERATE_SYMBOLS = YES;
				SWIFT_APPROACHABLE_CONCURRENCY = YES;
				SWIFT_EMIT_LOC_STRINGS = YES;
				SWIFT_UPCOMING_FEATURE_MEMBER_IMPORT_VISIBILITY = YES;
				SWIFT_VERSION = 5.0;
				TARGETED_DEVICE_FAMILY = 4;
				WATCHOS_DEPLOYMENT_TARGET = 26.1;
			};
			name = Debug;
		};
		25145C3F2EDE61D90095D7A9 /* Release */ = {
			isa = XCBuildConfiguration;
			buildSettings = {
				ASSETCATALOG_COMPILER_GLOBAL_ACCENT_COLOR_NAME = AccentColor;
				ASSETCATALOG_COMPILER_WIDGET_BACKGROUND_COLOR_NAME = WidgetBackground;
				CODE_SIGN_STYLE = Automatic;
				CURRENT_PROJECT_VERSION = 2;
				DEVELOPMENT_TEAM = S96H22CQ8W;
				GENERATE_INFOPLIST_FILE = YES;
				INFOPLIST_FILE = ParaFlightLogWidgetExtension/Info.plist;
				INFOPLIST_KEY_CFBundleDisplayName = ParaFlightLogWidgetExtension;
				INFOPLIST_KEY_NSHumanReadableCopyright = "";
				LD_RUNPATH_SEARCH_PATHS = (
					"$(inherited)",
					"@executable_path/Frameworks",
					"@executable_path/../../Frameworks",
					"@executable_path/../../../../Frameworks",
				);
				MARKETING_VERSION = 2.0;
				PRODUCT_BUNDLE_IDENTIFIER = com.xavierkain.ParaFlightLog.watchkitapp.ParaFlightLogWidgetExtension;
				PRODUCT_NAME = "$(TARGET_NAME)";
				SDKROOT = watchos;
				SKIP_INSTALL = YES;
				STRING_CATALOG_GENERATE_SYMBOLS = YES;
				SWIFT_APPROACHABLE_CONCURRENCY = YES;
				SWIFT_EMIT_LOC_STRINGS = YES;
				SWIFT_UPCOMING_FEATURE_MEMBER_IMPORT_VISIBILITY = YES;
				SWIFT_VERSION = 5.0;
				TARGETED_DEVICE_FAMILY = 4;
				WATCHOS_DEPLOYMENT_TARGET = 26.1;
			};
			name = Release;
		};
		257C68E02ECB755A005F3773 /* Debug */ = {
			isa = XCBuildConfiguration;
			buildSettings = {
				ALWAYS_SEARCH_USER_PATHS = NO;
				ASSETCATALOG_COMPILER_GENERATE_SWIFT_ASSET_SYMBOL_EXTENSIONS = YES;
				CLANG_ANALYZER_NONNULL = YES;
				CLANG_ANALYZER_NUMBER_OBJECT_CONVERSION = YES_AGGRESSIVE;
				CLANG_CXX_LANGUAGE_STANDARD = "gnu++20";
				CLANG_ENABLE_MODULES = YES;
				CLANG_ENABLE_OBJC_ARC = YES;
				CLANG_ENABLE_OBJC_WEAK = YES;
				CLANG_WARN_BLOCK_CAPTURE_AUTORELEASING = YES;
				CLANG_WARN_BOOL_CONVERSION = YES;
				CLANG_WARN_COMMA = YES;
				CLANG_WARN_CONSTANT_CONVERSION = YES;
				CLANG_WARN_DEPRECATED_OBJC_IMPLEMENTATIONS = YES;
				CLANG_WARN_DIRECT_OBJC_ISA_USAGE = YES_ERROR;
				CLANG_WARN_DOCUMENTATION_COMMENTS = YES;
				CLANG_WARN_EMPTY_BODY = YES;
				CLANG_WARN_ENUM_CONVERSION = YES;
				CLANG_WARN_INFINITE_RECURSION = YES;
				CLANG_WARN_INT_CONVERSION = YES;
				CLANG_WARN_NON_LITERAL_NULL_CONVERSION = YES;
				CLANG_WARN_OBJC_IMPLICIT_RETAIN_SELF = YES;
				CLANG_WARN_OBJC_LITERAL_CONVERSION = YES;
				CLANG_WARN_OBJC_ROOT_CLASS = YES_ERROR;
				CLANG_WARN_QUOTED_INCLUDE_IN_FRAMEWORK_HEADER = YES;
				CLANG_WARN_RANGE_LOOP_ANALYSIS = YES;
				CLANG_WARN_STRICT_PROTOTYPES = YES;
				CLANG_WARN_SUSPICIOUS_MOVE = YES;
				CLANG_WARN_UNGUARDED_AVAILABILITY = YES_AGGRESSIVE;
				CLANG_WARN_UNREACHABLE_CODE = YES;
				CLANG_WARN__DUPLICATE_METHOD_MATCH = YES;
				COPY_PHASE_STRIP = NO;
				DEBUG_INFORMATION_FORMAT = dwarf;
				DEVELOPMENT_TEAM = S96H22CQ8W;
				ENABLE_STRICT_OBJC_MSGSEND = YES;
				ENABLE_TESTABILITY = YES;
				ENABLE_USER_SCRIPT_SANDBOXING = YES;
				GCC_C_LANGUAGE_STANDARD = gnu17;
				GCC_DYNAMIC_NO_PIC = NO;
				GCC_NO_COMMON_BLOCKS = YES;
				GCC_OPTIMIZATION_LEVEL = 0;
				GCC_PREPROCESSOR_DEFINITIONS = (
					"DEBUG=1",
					"$(inherited)",
				);
				GCC_WARN_64_TO_32_BIT_CONVERSION = YES;
				GCC_WARN_ABOUT_RETURN_TYPE = YES_ERROR;
				GCC_WARN_UNDECLARED_SELECTOR = YES;
				GCC_WARN_UNINITIALIZED_AUTOS = YES_AGGRESSIVE;
				GCC_WARN_UNUSED_FUNCTION = YES;
				GCC_WARN_UNUSED_VARIABLE = YES;
				IPHONEOS_DEPLOYMENT_TARGET = 26.0;
				LOCALIZATION_PREFERS_STRING_CATALOGS = YES;
				MTL_ENABLE_DEBUG_INFO = INCLUDE_SOURCE;
				MTL_FAST_MATH = YES;
				ONLY_ACTIVE_ARCH = YES;
				SDKROOT = iphoneos;
				SWIFT_ACTIVE_COMPILATION_CONDITIONS = "DEBUG $(inherited)";
				SWIFT_OPTIMIZATION_LEVEL = "-Onone";
			};
			name = Debug;
		};
		257C68E12ECB755A005F3773 /* Release */ = {
			isa = XCBuildConfiguration;
			buildSettings = {
				ALWAYS_SEARCH_USER_PATHS = NO;
				ASSETCATALOG_COMPILER_GENERATE_SWIFT_ASSET_SYMBOL_EXTENSIONS = YES;
				CLANG_ANALYZER_NONNULL = YES;
				CLANG_ANALYZER_NUMBER_OBJECT_CONVERSION = YES_AGGRESSIVE;
				CLANG_CXX_LANGUAGE_STANDARD = "gnu++20";
				CLANG_ENABLE_MODULES = YES;
				CLANG_ENABLE_OBJC_ARC = YES;
				CLANG_ENABLE_OBJC_WEAK = YES;
				CLANG_WARN_BLOCK_CAPTURE_AUTORELEASING = YES;
				CLANG_WARN_BOOL_CONVERSION = YES;
				CLANG_WARN_COMMA = YES;
				CLANG_WARN_CONSTANT_CONVERSION = YES;
				CLANG_WARN_DEPRECATED_OBJC_IMPLEMENTATIONS = YES;
				CLANG_WARN_DIRECT_OBJC_ISA_USAGE = YES_ERROR;
				CLANG_WARN_DOCUMENTATION_COMMENTS = YES;
				CLANG_WARN_EMPTY_BODY = YES;
				CLANG_WARN_ENUM_CONVERSION = YES;
				CLANG_WARN_INFINITE_RECURSION = YES;
				CLANG_WARN_INT_CONVERSION = YES;
				CLANG_WARN_NON_LITERAL_NULL_CONVERSION = YES;
				CLANG_WARN_OBJC_IMPLICIT_RETAIN_SELF = YES;
				CLANG_WARN_OBJC_LITERAL_CONVERSION = YES;
				CLANG_WARN_OBJC_ROOT_CLASS = YES_ERROR;
				CLANG_WARN_QUOTED_INCLUDE_IN_FRAMEWORK_HEADER = YES;
				CLANG_WARN_RANGE_LOOP_ANALYSIS = YES;
				CLANG_WARN_STRICT_PROTOTYPES = YES;
				CLANG_WARN_SUSPICIOUS_MOVE = YES;
				CLANG_WARN_UNGUARDED_AVAILABILITY = YES_AGGRESSIVE;
				CLANG_WARN_UNREACHABLE_CODE = YES;
				CLANG_WARN__DUPLICATE_METHOD_MATCH = YES;
				COPY_PHASE_STRIP = NO;
				DEBUG_INFORMATION_FORMAT = "dwarf-with-dsym";
				DEVELOPMENT_TEAM = S96H22CQ8W;
				ENABLE_NS_ASSERTIONS = NO;
				ENABLE_STRICT_OBJC_MSGSEND = YES;
				ENABLE_USER_SCRIPT_SANDBOXING = YES;
				GCC_C_LANGUAGE_STANDARD = gnu17;
				GCC_NO_COMMON_BLOCKS = YES;
				GCC_WARN_64_TO_32_BIT_CONVERSION = YES;
				GCC_WARN_ABOUT_RETURN_TYPE = YES_ERROR;
				GCC_WARN_UNDECLARED_SELECTOR = YES;
				GCC_WARN_UNINITIALIZED_AUTOS = YES_AGGRESSIVE;
				GCC_WARN_UNUSED_FUNCTION = YES;
				GCC_WARN_UNUSED_VARIABLE = YES;
				IPHONEOS_DEPLOYMENT_TARGET = 26.0;
				LOCALIZATION_PREFERS_STRING_CATALOGS = YES;
				MTL_ENABLE_DEBUG_INFO = NO;
				MTL_FAST_MATH = YES;
				SDKROOT = iphoneos;
				SWIFT_COMPILATION_MODE = wholemodule;
				VALIDATE_PRODUCT = YES;
			};
			name = Release;
		};
		257C68E32ECB755A005F3773 /* Debug */ = {
			isa = XCBuildConfiguration;
			buildSettings = {
				ASSETCATALOG_COMPILER_APPICON_NAME = AppIcon;
				ASSETCATALOG_COMPILER_GLOBAL_ACCENT_COLOR_NAME = AccentColor;
				CODE_SIGN_STYLE = Automatic;
				CURRENT_PROJECT_VERSION = 2;
				DEVELOPMENT_TEAM = S96H22CQ8W;
				ENABLE_PREVIEWS = YES;
				GENERATE_INFOPLIST_FILE = YES;
				INFOPLIST_FILE = ParaFlightLog/Info.plist;
				INFOPLIST_KEY_NSLocationAlwaysAndWhenInUseUsageDescription = "ParaFlightLog utilise votre position pour enregistrer automatiquement vos vols de parapente, même en arrière-plan.";
				INFOPLIST_KEY_NSLocationWhenInUseUsageDescription = "ParaFlightLog utilise votre position pour enregistrer le lieu de décollage de vos vols de parapente.";
				INFOPLIST_KEY_UIApplicationSceneManifest_Generation = YES;
				INFOPLIST_KEY_UIApplicationSupportsIndirectInputEvents = YES;
				INFOPLIST_KEY_UILaunchScreen_Generation = YES;
				INFOPLIST_KEY_UISupportedInterfaceOrientations_iPad = "UIInterfaceOrientationPortrait UIInterfaceOrientationPortraitUpsideDown UIInterfaceOrientationLandscapeLeft UIInterfaceOrientationLandscapeRight";
				INFOPLIST_KEY_UISupportedInterfaceOrientations_iPhone = "UIInterfaceOrientationPortrait UIInterfaceOrientationLandscapeLeft UIInterfaceOrientationLandscapeRight";
				LD_RUNPATH_SEARCH_PATHS = (
					"$(inherited)",
					"@executable_path/Frameworks",
				);
				MARKETING_VERSION = 2.0;
				PRODUCT_BUNDLE_IDENTIFIER = com.xavierkain.ParaFlightLog;
				PRODUCT_NAME = "$(TARGET_NAME)";
				STRING_CATALOG_GENERATE_SYMBOLS = YES;
				SWIFT_APPROACHABLE_CONCURRENCY = YES;
				SWIFT_DEFAULT_ACTOR_ISOLATION = MainActor;
				SWIFT_EMIT_LOC_STRINGS = YES;
				SWIFT_UPCOMING_FEATURE_MEMBER_IMPORT_VISIBILITY = YES;
				SWIFT_VERSION = 5.0;
				TARGETED_DEVICE_FAMILY = "1,2";
			};
			name = Debug;
		};
		257C68E42ECB755A005F3773 /* Release */ = {
			isa = XCBuildConfiguration;
			buildSettings = {
				ASSETCATALOG_COMPILER_APPICON_NAME = AppIcon;
				ASSETCATALOG_COMPILER_GLOBAL_ACCENT_COLOR_NAME = AccentColor;
				CODE_SIGN_STYLE = Automatic;
				CURRENT_PROJECT_VERSION = 2;
				DEVELOPMENT_TEAM = S96H22CQ8W;
				ENABLE_PREVIEWS = YES;
				GENERATE_INFOPLIST_FILE = YES;
				INFOPLIST_FILE = ParaFlightLog/Info.plist;
				INFOPLIST_KEY_NSLocationAlwaysAndWhenInUseUsageDescription = "ParaFlightLog utilise votre position pour enregistrer automatiquement vos vols de parapente, même en arrière-plan.";
				INFOPLIST_KEY_NSLocationWhenInUseUsageDescription = "ParaFlightLog utilise votre position pour enregistrer le lieu de décollage de vos vols de parapente.";
				INFOPLIST_KEY_UIApplicationSceneManifest_Generation = YES;
				INFOPLIST_KEY_UIApplicationSupportsIndirectInputEvents = YES;
				INFOPLIST_KEY_UILaunchScreen_Generation = YES;
				INFOPLIST_KEY_UISupportedInterfaceOrientations_iPad = "UIInterfaceOrientationPortrait UIInterfaceOrientationPortraitUpsideDown UIInterfaceOrientationLandscapeLeft UIInterfaceOrientationLandscapeRight";
				INFOPLIST_KEY_UISupportedInterfaceOrientations_iPhone = "UIInterfaceOrientationPortrait UIInterfaceOrientationLandscapeLeft UIInterfaceOrientationLandscapeRight";
				LD_RUNPATH_SEARCH_PATHS = (
					"$(inherited)",
					"@executable_path/Frameworks",
				);
				MARKETING_VERSION = 2.0;
				PRODUCT_BUNDLE_IDENTIFIER = com.xavierkain.ParaFlightLog;
				PRODUCT_NAME = "$(TARGET_NAME)";
				STRING_CATALOG_GENERATE_SYMBOLS = YES;
				SWIFT_APPROACHABLE_CONCURRENCY = YES;
				SWIFT_DEFAULT_ACTOR_ISOLATION = MainActor;
				SWIFT_EMIT_LOC_STRINGS = YES;
				SWIFT_UPCOMING_FEATURE_MEMBER_IMPORT_VISIBILITY = YES;
				SWIFT_VERSION = 5.0;
				TARGETED_DEVICE_FAMILY = "1,2";
			};
			name = Release;
		};
		257C68F52ECB7651005F3773 /* Debug */ = {
			isa = XCBuildConfiguration;
			buildSettings = {
				ASSETCATALOG_COMPILER_APPICON_NAME = AppIcon;
				ASSETCATALOG_COMPILER_GLOBAL_ACCENT_COLOR_NAME = AccentColor;
				CODE_SIGN_ENTITLEMENTS = "ParaFlightLogWatch Watch App/ParaFlightLogWatch Watch App.entitlements";
				CODE_SIGN_STYLE = Automatic;
				CURRENT_PROJECT_VERSION = 2;
				DEVELOPMENT_TEAM = S96H22CQ8W;
				ENABLE_PREVIEWS = YES;
				GENERATE_INFOPLIST_FILE = YES;
				INFOPLIST_KEY_CFBundleDisplayName = ParaFlightLogWatch;
				INFOPLIST_KEY_NSHealthShareUsageDescription = "ParaFlightLog accède à vos données de santé pour enregistrer vos sessions de vol.";
				INFOPLIST_KEY_NSHealthUpdateUsageDescription = "ParaFlightLog enregistre vos vols comme activités sportives pour activer le mode Water Lock.";
				INFOPLIST_KEY_NSLocationWhenInUseUsageDescription = "ParaFlightLog utilise votre position pour enregistrer le lieu de vos vols.";
				INFOPLIST_KEY_NSMotionUsageDescription = "Utilisé pour détecter les mouvements pendant votre vol";
				INFOPLIST_KEY_UISupportedInterfaceOrientations = "UIInterfaceOrientationPortrait UIInterfaceOrientationPortraitUpsideDown";
				INFOPLIST_KEY_WKCompanionAppBundleIdentifier = com.xavierkain.ParaFlightLog;
				LD_RUNPATH_SEARCH_PATHS = (
					"$(inherited)",
					"@executable_path/Frameworks",
				);
				MARKETING_VERSION = 2.0;
				PRODUCT_BUNDLE_IDENTIFIER = com.xavierkain.ParaFlightLog.watchkitapp;
				PRODUCT_NAME = "$(TARGET_NAME)";
				SDKROOT = watchos;
				SKIP_INSTALL = YES;
				STRING_CATALOG_GENERATE_SYMBOLS = YES;
				SWIFT_APPROACHABLE_CONCURRENCY = YES;
				SWIFT_DEFAULT_ACTOR_ISOLATION = MainActor;
				SWIFT_EMIT_LOC_STRINGS = YES;
				SWIFT_UPCOMING_FEATURE_MEMBER_IMPORT_VISIBILITY = YES;
				SWIFT_VERSION = 5.0;
				TARGETED_DEVICE_FAMILY = 4;
				WATCHOS_DEPLOYMENT_TARGET = 26.0;
			};
			name = Debug;
		};
		257C68F62ECB7651005F3773 /* Release */ = {
			isa = XCBuildConfiguration;
			buildSettings = {
				ASSETCATALOG_COMPILER_APPICON_NAME = AppIcon;
				ASSETCATALOG_COMPILER_GLOBAL_ACCENT_COLOR_NAME = AccentColor;
				CODE_SIGN_ENTITLEMENTS = "ParaFlightLogWatch Watch App/ParaFlightLogWatch Watch App.entitlements";
				CODE_SIGN_STYLE = Automatic;
				CURRENT_PROJECT_VERSION = 2;
				DEVELOPMENT_TEAM = S96H22CQ8W;
				ENABLE_PREVIEWS = YES;
				GENERATE_INFOPLIST_FILE = YES;
				INFOPLIST_KEY_CFBundleDisplayName = ParaFlightLogWatch;
				INFOPLIST_KEY_NSHealthShareUsageDescription = "ParaFlightLog accède à vos données de santé pour enregistrer vos sessions de vol.";
				INFOPLIST_KEY_NSHealthUpdateUsageDescription = "ParaFlightLog enregistre vos vols comme activités sportives pour activer le mode Water Lock.";
				INFOPLIST_KEY_NSLocationWhenInUseUsageDescription = "ParaFlightLog utilise votre position pour enregistrer le lieu de vos vols.";
				INFOPLIST_KEY_NSMotionUsageDescription = "Utilisé pour détecter les mouvements pendant votre vol";
				INFOPLIST_KEY_UISupportedInterfaceOrientations = "UIInterfaceOrientationPortrait UIInterfaceOrientationPortraitUpsideDown";
				INFOPLIST_KEY_WKCompanionAppBundleIdentifier = com.xavierkain.ParaFlightLog;
				LD_RUNPATH_SEARCH_PATHS = (
					"$(inherited)",
					"@executable_path/Frameworks",
				);
				MARKETING_VERSION = 2.0;
				PRODUCT_BUNDLE_IDENTIFIER = com.xavierkain.ParaFlightLog.watchkitapp;
				PRODUCT_NAME = "$(TARGET_NAME)";
				SDKROOT = watchos;
				SKIP_INSTALL = YES;
				STRING_CATALOG_GENERATE_SYMBOLS = YES;
				SWIFT_APPROACHABLE_CONCURRENCY = YES;
				SWIFT_DEFAULT_ACTOR_ISOLATION = MainActor;
				SWIFT_EMIT_LOC_STRINGS = YES;
				SWIFT_UPCOMING_FEATURE_MEMBER_IMPORT_VISIBILITY = YES;
				SWIFT_VERSION = 5.0;
				TARGETED_DEVICE_FAMILY = 4;
				WATCHOS_DEPLOYMENT_TARGET = 26.0;
			};
			name = Release;
		};
		9D38D6431EC81D4FEFF6731C /* Debug */ = {
			isa = XCBuildConfiguration;
			buildSettings = {
				CLANG_ENABLE_OBJC_WEAK = NO;
				CODE_SIGN_STYLE = Automatic;
				DEVELOPMENT_TEAM = S96H22CQ8W;
				INFOPLIST_FILE = ParaFlightLogUITests/Info.plist;
				IPHONEOS_DEPLOYMENT_TARGET = 17.0;
				LD_RUNPATH_SEARCH_PATHS = (
					"$(inherited)",
					"@executable_path/Frameworks",
					"@loader_path/Frameworks",
				);
				PRODUCT_BUNDLE_IDENTIFIER = com.xavierkain.ParaFlightLogUITests;
				PRODUCT_NAME = "$(TARGET_NAME)";
				SDKROOT = iphoneos;
				SWIFT_VERSION = 5.0;
				TEST_TARGET_NAME = ParaFlightLog;
			};
			name = Debug;
		};
		FB5FF756612F26A5B528F598 /* Release */ = {
			isa = XCBuildConfiguration;
			buildSettings = {
				CLANG_ENABLE_OBJC_WEAK = NO;
				CODE_SIGN_STYLE = Automatic;
				DEVELOPMENT_TEAM = S96H22CQ8W;
				INFOPLIST_FILE = ParaFlightLogUITests/Info.plist;
				IPHONEOS_DEPLOYMENT_TARGET = 17.0;
				LD_RUNPATH_SEARCH_PATHS = (
					"$(inherited)",
					"@executable_path/Frameworks",
					"@loader_path/Frameworks",
				);
				PRODUCT_BUNDLE_IDENTIFIER = com.xavierkain.ParaFlightLogUITests;
				PRODUCT_NAME = "$(TARGET_NAME)";
				SDKROOT = iphoneos;
				SWIFT_VERSION = 5.0;
				TEST_TARGET_NAME = ParaFlightLog;
				VALIDATE_PRODUCT = YES;
			};
			name = Release;
		};
/* End XCBuildConfiguration section */

/* Begin XCConfigurationList section */
		25145C3D2EDE61D90095D7A9 /* Build configuration list for PBXNativeTarget "ParaFlightLogWidgetExtensionExtension" */ = {
			isa = XCConfigurationList;
			buildConfigurations = (
				25145C3E2EDE61D90095D7A9 /* Debug */,
				25145C3F2EDE61D90095D7A9 /* Release */,
			);
			defaultConfigurationIsVisible = 0;
			defaultConfigurationName = Release;
		};
		257C68D02ECB7559005F3773 /* Build configuration list for PBXProject "ParaFlightLog" */ = {
			isa = XCConfigurationList;
			buildConfigurations = (
				257C68E02ECB755A005F3773 /* Debug */,
				257C68E12ECB755A005F3773 /* Release */,
			);
			defaultConfigurationIsVisible = 0;
			defaultConfigurationName = Release;
		};
		257C68E22ECB755A005F3773 /* Build configuration list for PBXNativeTarget "ParaFlightLog" */ = {
			isa = XCConfigurationList;
			buildConfigurations = (
				257C68E32ECB755A005F3773 /* Debug */,
				257C68E42ECB755A005F3773 /* Release */,
			);
			defaultConfigurationIsVisible = 0;
			defaultConfigurationName = Release;
		};
		257C68F42ECB7651005F3773 /* Build configuration list for PBXNativeTarget "ParaFlightLogWatch Watch App" */ = {
			isa = XCConfigurationList;
			buildConfigurations = (
				257C68F52ECB7651005F3773 /* Debug */,
				257C68F62ECB7651005F3773 /* Release */,
			);
			defaultConfigurationIsVisible = 0;
			defaultConfigurationName = Release;
		};
		C4177446359846B680A93531 /* Build configuration list for PBXNativeTarget "ParaFlightLogUITests" */ = {
			isa = XCConfigurationList;
			buildConfigurations = (
				FB5FF756612F26A5B528F598 /* Release */,
				9D38D6431EC81D4FEFF6731C /* Debug */,
			);
			defaultConfigurationIsVisible = 0;
			defaultConfigurationName = Release;
		};
/* End XCConfigurationList section */

/* Begin XCRemoteSwiftPackageReference section */
		2589C4552F02D81B00EF6911 /* XCRemoteSwiftPackageReference "sdk-for-apple" */ = {
			isa = XCRemoteSwiftPackageReference;
			repositoryURL = "https://github.com/appwrite/sdk-for-apple";
			requirement = {
				kind = upToNextMajorVersion;
				minimumVersion = 13.5.0;
			};
		};
/* End XCRemoteSwiftPackageReference section */

/* Begin XCSwiftPackageProductDependency section */
		2589C4562F02D8E000EF6911 /* Appwrite */ = {
			isa = XCSwiftPackageProductDependency;
			package = 2589C4552F02D81B00EF6911 /* XCRemoteSwiftPackageReference "sdk-for-apple" */;
			productName = Appwrite;
		};
/* End XCSwiftPackageProductDependency section */
	};
	rootObject = 257C68CD2ECB7559005F3773 /* Project object */;
}
